// !$*UTF8*$!
{
	archiveVersion = 1;
	classes = {
	};
	objectVersion = 50;
	objects = {

/* Begin PBXBuildFile section */
		D007B5BB24A9FFCF00CE27AA /* AppDelegate.swift in Sources */ = {isa = PBXBuildFile; fileRef = D007B5BA24A9FFCF00CE27AA /* AppDelegate.swift */; };
		D007B5BD24A9FFCF00CE27AA /* SceneDelegate.swift in Sources */ = {isa = PBXBuildFile; fileRef = D007B5BC24A9FFCF00CE27AA /* SceneDelegate.swift */; };
		D007B5C224A9FFCF00CE27AA /* Main.storyboard in Resources */ = {isa = PBXBuildFile; fileRef = D007B5C024A9FFCF00CE27AA /* Main.storyboard */; };
		D007B5C424A9FFD100CE27AA /* Assets.xcassets in Resources */ = {isa = PBXBuildFile; fileRef = D007B5C324A9FFD100CE27AA /* Assets.xcassets */; };
		D007B5C724A9FFD100CE27AA /* LaunchScreen.storyboard in Resources */ = {isa = PBXBuildFile; fileRef = D007B5C524A9FFD100CE27AA /* LaunchScreen.storyboard */; };
		D007B5D224AA06A300CE27AA /* LocationService.swift in Sources */ = {isa = PBXBuildFile; fileRef = D007B5D124AA06A300CE27AA /* LocationService.swift */; };
		D007B5DF24AA094800CE27AA /* ContainerViewController.swift in Sources */ = {isa = PBXBuildFile; fileRef = D007B5DE24AA094800CE27AA /* ContainerViewController.swift */; };
		D007B5E124AA0A6100CE27AA /* TopViewController.swift in Sources */ = {isa = PBXBuildFile; fileRef = D007B5E024AA0A6100CE27AA /* TopViewController.swift */; };
		D007B5E324ADD42000CE27AA /* HoursViewController.swift in Sources */ = {isa = PBXBuildFile; fileRef = D007B5E224ADD42000CE27AA /* HoursViewController.swift */; };
		D007B5E524ADD6CD00CE27AA /* DaysViewController.swift in Sources */ = {isa = PBXBuildFile; fileRef = D007B5E424ADD6CD00CE27AA /* DaysViewController.swift */; };
		D007B5E824ADD75500CE27AA /* TodayViewController.swift in Sources */ = {isa = PBXBuildFile; fileRef = D007B5E724ADD75500CE27AA /* TodayViewController.swift */; };
		D007B5EA24ADD82F00CE27AA /* InfoViewController.swift in Sources */ = {isa = PBXBuildFile; fileRef = D007B5E924ADD82F00CE27AA /* InfoViewController.swift */; };
		D007B5F024ADE37900CE27AA /* ContainerPresenter.swift in Sources */ = {isa = PBXBuildFile; fileRef = D007B5EF24ADE37900CE27AA /* ContainerPresenter.swift */; };
		D007B5F424ADE4EE00CE27AA /* ContainerProtocols.swift in Sources */ = {isa = PBXBuildFile; fileRef = D007B5F324ADE4EE00CE27AA /* ContainerProtocols.swift */; };
		D007B5F624ADE5FE00CE27AA /* Weather.swift in Sources */ = {isa = PBXBuildFile; fileRef = D007B5F524ADE5FE00CE27AA /* Weather.swift */; };
		D007B5FA24ADE87200CE27AA /* CoreLocation.framework in Frameworks */ = {isa = PBXBuildFile; fileRef = D007B5F924ADE87200CE27AA /* CoreLocation.framework */; };
		D007B5FC24ADFB4F00CE27AA /* WeatherService.swift in Sources */ = {isa = PBXBuildFile; fileRef = D007B5FB24ADFB4F00CE27AA /* WeatherService.swift */; };
		D007B5FE24AE0C4B00CE27AA /* Data+Content.swift in Sources */ = {isa = PBXBuildFile; fileRef = D007B5FD24AE0C4B00CE27AA /* Data+Content.swift */; };
		D007B60124AE265800CE27AA /* TopPresenter.swift in Sources */ = {isa = PBXBuildFile; fileRef = D007B60024AE265800CE27AA /* TopPresenter.swift */; };
		D007B60324AE26D000CE27AA /* TopProtocols.swift in Sources */ = {isa = PBXBuildFile; fileRef = D007B60224AE26D000CE27AA /* TopProtocols.swift */; };
		D007B60524AE26E200CE27AA /* TopModel.swift in Sources */ = {isa = PBXBuildFile; fileRef = D007B60424AE26E200CE27AA /* TopModel.swift */; };
		D007B62B24AF707200CE27AA /* DateFormatter+Day.swift in Sources */ = {isa = PBXBuildFile; fileRef = D007B62A24AF707200CE27AA /* DateFormatter+Day.swift */; };
		D007B62D24AF73C600CE27AA /* Date+DayTime.swift in Sources */ = {isa = PBXBuildFile; fileRef = D007B62C24AF73C600CE27AA /* Date+DayTime.swift */; };
		D007B63024B218AD00CE27AA /* HoursProtocols.swift in Sources */ = {isa = PBXBuildFile; fileRef = D007B62F24B218AD00CE27AA /* HoursProtocols.swift */; };
		D007B63224B218DA00CE27AA /* HoursModel.swift in Sources */ = {isa = PBXBuildFile; fileRef = D007B63124B218DA00CE27AA /* HoursModel.swift */; };
		D007B63424B2193400CE27AA /* HoursPresenter.swift in Sources */ = {isa = PBXBuildFile; fileRef = D007B63324B2193400CE27AA /* HoursPresenter.swift */; };
		D007B63824B2239400CE27AA /* HourCell.swift in Sources */ = {isa = PBXBuildFile; fileRef = D007B63624B2239400CE27AA /* HourCell.swift */; };
		D007B63924B2239400CE27AA /* HourCell.xib in Resources */ = {isa = PBXBuildFile; fileRef = D007B63724B2239400CE27AA /* HourCell.xib */; };
		D007B63B24B36E1700CE27AA /* Int+.swift in Sources */ = {isa = PBXBuildFile; fileRef = D007B63A24B36E1600CE27AA /* Int+.swift */; };
		D007B64124B4755900CE27AA /* HourCellProtocols.swift in Sources */ = {isa = PBXBuildFile; fileRef = D007B64024B4755900CE27AA /* HourCellProtocols.swift */; };
		D007B64424B4814200CE27AA /* DaysProtocols.swift in Sources */ = {isa = PBXBuildFile; fileRef = D007B64324B4814200CE27AA /* DaysProtocols.swift */; };
		D007B64624B4814F00CE27AA /* DaysModel.swift in Sources */ = {isa = PBXBuildFile; fileRef = D007B64524B4814F00CE27AA /* DaysModel.swift */; };
		D007B64824B4815900CE27AA /* DaysPresenter.swift in Sources */ = {isa = PBXBuildFile; fileRef = D007B64724B4815900CE27AA /* DaysPresenter.swift */; };
		D007B64E24B49B8900CE27AA /* DayCell.swift in Sources */ = {isa = PBXBuildFile; fileRef = D007B64C24B49B8900CE27AA /* DayCell.swift */; };
		D007B64F24B49B8900CE27AA /* DayCell.xib in Resources */ = {isa = PBXBuildFile; fileRef = D007B64D24B49B8900CE27AA /* DayCell.xib */; };
		D007B65124B49BA000CE27AA /* DayCellProtocols.swift in Sources */ = {isa = PBXBuildFile; fileRef = D007B65024B49BA000CE27AA /* DayCellProtocols.swift */; };
		D007B65724B4A83000CE27AA /* UIImage+Icon.swift in Sources */ = {isa = PBXBuildFile; fileRef = D007B65624B4A83000CE27AA /* UIImage+Icon.swift */; };
		D007B65A24B4ACF200CE27AA /* TodayProtocols.swift in Sources */ = {isa = PBXBuildFile; fileRef = D007B65924B4ACF200CE27AA /* TodayProtocols.swift */; };
		D007B65C24B4AD3500CE27AA /* TodayModel.swift in Sources */ = {isa = PBXBuildFile; fileRef = D007B65B24B4AD3500CE27AA /* TodayModel.swift */; };
		D007B65E24B4AD4100CE27AA /* TodayPresenter.swift in Sources */ = {isa = PBXBuildFile; fileRef = D007B65D24B4AD4100CE27AA /* TodayPresenter.swift */; };
		D007B66124B5ED0400CE27AA /* InfoProtocols.swift in Sources */ = {isa = PBXBuildFile; fileRef = D007B66024B5ED0400CE27AA /* InfoProtocols.swift */; };
		D007B66324B5ED1000CE27AA /* InfoModel.swift in Sources */ = {isa = PBXBuildFile; fileRef = D007B66224B5ED1000CE27AA /* InfoModel.swift */; };
		D007B66524B5ED1A00CE27AA /* InfoPresenter.swift in Sources */ = {isa = PBXBuildFile; fileRef = D007B66424B5ED1A00CE27AA /* InfoPresenter.swift */; };
		D007B66824B5FF9100CE27AA /* InfoCellProtocols.swift in Sources */ = {isa = PBXBuildFile; fileRef = D007B66724B5FF9100CE27AA /* InfoCellProtocols.swift */; };
		D007B66F24B5FFB800CE27AA /* InfoCell.swift in Sources */ = {isa = PBXBuildFile; fileRef = D007B66D24B5FFB800CE27AA /* InfoCell.swift */; };
		D007B67024B5FFB800CE27AA /* InfoCell.xib in Resources */ = {isa = PBXBuildFile; fileRef = D007B66E24B5FFB800CE27AA /* InfoCell.xib */; };
		D007B67424B88AD500CE27AA /* WebKit.framework in Frameworks */ = {isa = PBXBuildFile; fileRef = D007B67324B88AD500CE27AA /* WebKit.framework */; };
		D007B67D24B89C8F00CE27AA /* GithubViewController.swift in Sources */ = {isa = PBXBuildFile; fileRef = D007B67C24B89C8F00CE27AA /* GithubViewController.swift */; };
		D007B67F24B8A95A00CE27AA /* GithubPresenter.swift in Sources */ = {isa = PBXBuildFile; fileRef = D007B67E24B8A95A00CE27AA /* GithubPresenter.swift */; };
		D007B68124B8AB4800CE27AA /* API.swift in Sources */ = {isa = PBXBuildFile; fileRef = D007B68024B8AB4800CE27AA /* API.swift */; };
		D007B68424B8ACE600CE27AA /* GithubProtocols.swift in Sources */ = {isa = PBXBuildFile; fileRef = D007B68324B8ACE600CE27AA /* GithubProtocols.swift */; };
		D007B68924BC679700CE27AA /* ContainerCell.swift in Sources */ = {isa = PBXBuildFile; fileRef = D007B68824BC679700CE27AA /* ContainerCell.swift */; };
		D007B68B24BC6A9900CE27AA /* UIStoryboard+Main.swift in Sources */ = {isa = PBXBuildFile; fileRef = D007B68A24BC6A9900CE27AA /* UIStoryboard+Main.swift */; };
		D01437E524E9822C007D7ACE /* PresenterConfigurator.swift in Sources */ = {isa = PBXBuildFile; fileRef = D01437E424E9822C007D7ACE /* PresenterConfigurator.swift */; };
		D014435224C5A73C00999F17 /* UINavigationController+StatusBar.swift in Sources */ = {isa = PBXBuildFile; fileRef = D014435124C5A73C00999F17 /* UINavigationController+StatusBar.swift */; };
		D014435524C5CF2C00999F17 /* BottomViewController.swift in Sources */ = {isa = PBXBuildFile; fileRef = D014435424C5CF2C00999F17 /* BottomViewController.swift */; };
		D014435724C5CF4300999F17 /* BottomProtocols.swift in Sources */ = {isa = PBXBuildFile; fileRef = D014435624C5CF4300999F17 /* BottomProtocols.swift */; };
		D014435924C5CF4F00999F17 /* BottomPresenter.swift in Sources */ = {isa = PBXBuildFile; fileRef = D014435824C5CF4F00999F17 /* BottomPresenter.swift */; };
		D02C9E9224DC49B200A4A0E7 /* README.md in Resources */ = {isa = PBXBuildFile; fileRef = D02C9E9124DC49B200A4A0E7 /* README.md */; };
		D076CF0B25FDFE1A000C3F17 /* HourCellViewModel.swift in Sources */ = {isa = PBXBuildFile; fileRef = D076CF0A25FDFE1A000C3F17 /* HourCellViewModel.swift */; };
		D076CF1225FF435F000C3F17 /* DaysConfigurator.swift in Sources */ = {isa = PBXBuildFile; fileRef = D076CF1125FF435F000C3F17 /* DaysConfigurator.swift */; };
		D076CF1625FF4400000C3F17 /* DaysTableView.swift in Sources */ = {isa = PBXBuildFile; fileRef = D076CF1525FF4400000C3F17 /* DaysTableView.swift */; };
		D076CF1A25FF4AD0000C3F17 /* DaysInteractor.swift in Sources */ = {isa = PBXBuildFile; fileRef = D076CF1925FF4AD0000C3F17 /* DaysInteractor.swift */; };
		D076CF1F25FF4B1F000C3F17 /* DaysRouter.swift in Sources */ = {isa = PBXBuildFile; fileRef = D076CF1E25FF4B1F000C3F17 /* DaysRouter.swift */; };
		D076CF2325FF53B2000C3F17 /* DaysModelLayer.swift in Sources */ = {isa = PBXBuildFile; fileRef = D076CF2225FF53B2000C3F17 /* DaysModelLayer.swift */; };
		D076CF2625FF5DF0000C3F17 /* DayCellViewModel.swift in Sources */ = {isa = PBXBuildFile; fileRef = D076CF2525FF5DF0000C3F17 /* DayCellViewModel.swift */; };
		D078C1DD260354B300C86480 /* InfoConfigurator.swift in Sources */ = {isa = PBXBuildFile; fileRef = D078C1DC260354B300C86480 /* InfoConfigurator.swift */; };
		D078C1E0260354EF00C86480 /* InfoInteractor.swift in Sources */ = {isa = PBXBuildFile; fileRef = D078C1DF260354EF00C86480 /* InfoInteractor.swift */; };
		D078C1E3260354FB00C86480 /* InfoRouter.swift in Sources */ = {isa = PBXBuildFile; fileRef = D078C1E2260354FB00C86480 /* InfoRouter.swift */; };
		D078C1E82603553100C86480 /* InfoModelLayer.swift in Sources */ = {isa = PBXBuildFile; fileRef = D078C1E72603553100C86480 /* InfoModelLayer.swift */; };
		D078C1EB2603613B00C86480 /* InfoTableView.swift in Sources */ = {isa = PBXBuildFile; fileRef = D078C1EA2603613B00C86480 /* InfoTableView.swift */; };
		D078C1F02603640700C86480 /* InfoCellViewModel.swift in Sources */ = {isa = PBXBuildFile; fileRef = D078C1EF2603640700C86480 /* InfoCellViewModel.swift */; };
		D078C1F326037DDC00C86480 /* BottomConfigurator.swift in Sources */ = {isa = PBXBuildFile; fileRef = D078C1F226037DDC00C86480 /* BottomConfigurator.swift */; };
		D078C1F626037F4300C86480 /* BottomInteractor.swift in Sources */ = {isa = PBXBuildFile; fileRef = D078C1F526037F4300C86480 /* BottomInteractor.swift */; };
		D078C1F926037F8B00C86480 /* BottomRouter.swift in Sources */ = {isa = PBXBuildFile; fileRef = D078C1F826037F8B00C86480 /* BottomRouter.swift */; };
		D0BEA46D25E3A85F008C3BB9 /* TodayConfigurator.swift in Sources */ = {isa = PBXBuildFile; fileRef = D0BEA46C25E3A85F008C3BB9 /* TodayConfigurator.swift */; };
		D0BEA47125E3AB8B008C3BB9 /* TodayInteractor.swift in Sources */ = {isa = PBXBuildFile; fileRef = D0BEA47025E3AB8A008C3BB9 /* TodayInteractor.swift */; };
		D0BEA47525E3ADCD008C3BB9 /* TodayRouter.swift in Sources */ = {isa = PBXBuildFile; fileRef = D0BEA47425E3ADCD008C3BB9 /* TodayRouter.swift */; };
		D0BEA47925E3F271008C3BB9 /* TodayModelLayer.swift in Sources */ = {isa = PBXBuildFile; fileRef = D0BEA47825E3F271008C3BB9 /* TodayModelLayer.swift */; };
		D0BEA47E25E4F8C3008C3BB9 /* ContainerConfigurator.swift in Sources */ = {isa = PBXBuildFile; fileRef = D0BEA47D25E4F8C3008C3BB9 /* ContainerConfigurator.swift */; };
		D0BEA48125E4F99E008C3BB9 /* ContainerInteractor.swift in Sources */ = {isa = PBXBuildFile; fileRef = D0BEA48025E4F99E008C3BB9 /* ContainerInteractor.swift */; };
		D0BEA48525E4F9E5008C3BB9 /* ContainerRouter.swift in Sources */ = {isa = PBXBuildFile; fileRef = D0BEA48425E4F9E5008C3BB9 /* ContainerRouter.swift */; };
		D0BEA48925E4FB38008C3BB9 /* PreloadProtocols.swift in Sources */ = {isa = PBXBuildFile; fileRef = D0BEA48825E4FB38008C3BB9 /* PreloadProtocols.swift */; };
		D0BEA48D25E4FB64008C3BB9 /* PreloadConfigurator.swift in Sources */ = {isa = PBXBuildFile; fileRef = D0BEA48C25E4FB64008C3BB9 /* PreloadConfigurator.swift */; };
		D0BEA49025E4FBAE008C3BB9 /* PreloadViewController.swift in Sources */ = {isa = PBXBuildFile; fileRef = D0BEA48F25E4FBAE008C3BB9 /* PreloadViewController.swift */; };
		D0BEA49325E4FC5C008C3BB9 /* PreloadPresenter.swift in Sources */ = {isa = PBXBuildFile; fileRef = D0BEA49225E4FC5C008C3BB9 /* PreloadPresenter.swift */; };
		D0BEA49625E4FCB0008C3BB9 /* PreloadInteractor.swift in Sources */ = {isa = PBXBuildFile; fileRef = D0BEA49525E4FCB0008C3BB9 /* PreloadInteractor.swift */; };
		D0BEA49925E4FCD9008C3BB9 /* PreloadRouter.swift in Sources */ = {isa = PBXBuildFile; fileRef = D0BEA49825E4FCD9008C3BB9 /* PreloadRouter.swift */; };
		D0BEA49C25E4FEFD008C3BB9 /* Constants.swift in Sources */ = {isa = PBXBuildFile; fileRef = D0BEA49B25E4FEFD008C3BB9 /* Constants.swift */; };
		D0BEA49F25E5197E008C3BB9 /* LocationServiceProvider.swift in Sources */ = {isa = PBXBuildFile; fileRef = D0BEA49E25E5197E008C3BB9 /* LocationServiceProvider.swift */; };
		D0BEA4A225E5408C008C3BB9 /* Error.swift in Sources */ = {isa = PBXBuildFile; fileRef = D0BEA4A125E5408C008C3BB9 /* Error.swift */; };
		D0CFF7D625F276DE0002C2BC /* HoursInteractor.swift in Sources */ = {isa = PBXBuildFile; fileRef = D0CFF7D525F276DE0002C2BC /* HoursInteractor.swift */; };
		D0CFF7D925F276F10002C2BC /* HoursRouter.swift in Sources */ = {isa = PBXBuildFile; fileRef = D0CFF7D825F276F10002C2BC /* HoursRouter.swift */; };
		D0F4C0F825E7990A00DE3574 /* WeatherServiceProvider.swift in Sources */ = {isa = PBXBuildFile; fileRef = D0F4C0F725E7990900DE3574 /* WeatherServiceProvider.swift */; };
		D0F4C0FB25E7A2B300DE3574 /* CacheService.swift in Sources */ = {isa = PBXBuildFile; fileRef = D0F4C0FA25E7A2B300DE3574 /* CacheService.swift */; };
		D0F4C0FE25E7A98B00DE3574 /* CacheServiceProvider.swift in Sources */ = {isa = PBXBuildFile; fileRef = D0F4C0FD25E7A98B00DE3574 /* CacheServiceProvider.swift */; };
		D0F4C10125E7D3A100DE3574 /* Mapper.swift in Sources */ = {isa = PBXBuildFile; fileRef = D0F4C10025E7D3A100DE3574 /* Mapper.swift */; };
		D0F4C12725E7FADA00DE3574 /* TableViewController.swift in Sources */ = {isa = PBXBuildFile; fileRef = D0F4C12625E7FADA00DE3574 /* TableViewController.swift */; };
		D0F4C13125E8E21100DE3574 /* ContainerTableView.swift in Sources */ = {isa = PBXBuildFile; fileRef = D0F4C13025E8E21100DE3574 /* ContainerTableView.swift */; };
		D0F4C13425E8E34900DE3574 /* TopConfigurator.swift in Sources */ = {isa = PBXBuildFile; fileRef = D0F4C13325E8E34900DE3574 /* TopConfigurator.swift */; };
		D0F4C13725E8E47500DE3574 /* TopInteractor.swift in Sources */ = {isa = PBXBuildFile; fileRef = D0F4C13625E8E47500DE3574 /* TopInteractor.swift */; };
		D0F4C13C25E8E4C100DE3574 /* TopRouter.swift in Sources */ = {isa = PBXBuildFile; fileRef = D0F4C13B25E8E4C100DE3574 /* TopRouter.swift */; };
		D0F4C14425E8F2DF00DE3574 /* TopModelLayer.swift in Sources */ = {isa = PBXBuildFile; fileRef = D0F4C14325E8F2DF00DE3574 /* TopModelLayer.swift */; };
		D0F4C15525E9306600DE3574 /* HoursConfigurator.swift in Sources */ = {isa = PBXBuildFile; fileRef = D0F4C15425E9306600DE3574 /* HoursConfigurator.swift */; };
		D0F4C15A25E930E700DE3574 /* HoursModelLayer.swift in Sources */ = {isa = PBXBuildFile; fileRef = D0F4C15925E930E700DE3574 /* HoursModelLayer.swift */; };
		D0F4C15D25E9329500DE3574 /* HoursCollectionView.swift in Sources */ = {isa = PBXBuildFile; fileRef = D0F4C15C25E9329500DE3574 /* HoursCollectionView.swift */; };
/* End PBXBuildFile section */

/* Begin PBXFileReference section */
		D007B5B724A9FFCF00CE27AA /* WeatherSample.app */ = {isa = PBXFileReference; explicitFileType = wrapper.application; includeInIndex = 0; path = WeatherSample.app; sourceTree = BUILT_PRODUCTS_DIR; };
		D007B5BA24A9FFCF00CE27AA /* AppDelegate.swift */ = {isa = PBXFileReference; lastKnownFileType = sourcecode.swift; path = AppDelegate.swift; sourceTree = "<group>"; };
		D007B5BC24A9FFCF00CE27AA /* SceneDelegate.swift */ = {isa = PBXFileReference; lastKnownFileType = sourcecode.swift; path = SceneDelegate.swift; sourceTree = "<group>"; };
		D007B5C124A9FFCF00CE27AA /* Base */ = {isa = PBXFileReference; lastKnownFileType = file.storyboard; name = Base; path = Base.lproj/Main.storyboard; sourceTree = "<group>"; };
		D007B5C324A9FFD100CE27AA /* Assets.xcassets */ = {isa = PBXFileReference; lastKnownFileType = folder.assetcatalog; path = Assets.xcassets; sourceTree = "<group>"; };
		D007B5C624A9FFD100CE27AA /* Base */ = {isa = PBXFileReference; lastKnownFileType = file.storyboard; name = Base; path = Base.lproj/LaunchScreen.storyboard; sourceTree = "<group>"; };
		D007B5C824A9FFD100CE27AA /* Info.plist */ = {isa = PBXFileReference; lastKnownFileType = text.plist.xml; path = Info.plist; sourceTree = "<group>"; };
		D007B5D124AA06A300CE27AA /* LocationService.swift */ = {isa = PBXFileReference; lastKnownFileType = sourcecode.swift; path = LocationService.swift; sourceTree = "<group>"; };
		D007B5DE24AA094800CE27AA /* ContainerViewController.swift */ = {isa = PBXFileReference; lastKnownFileType = sourcecode.swift; path = ContainerViewController.swift; sourceTree = "<group>"; };
		D007B5E024AA0A6100CE27AA /* TopViewController.swift */ = {isa = PBXFileReference; lastKnownFileType = sourcecode.swift; path = TopViewController.swift; sourceTree = "<group>"; };
		D007B5E224ADD42000CE27AA /* HoursViewController.swift */ = {isa = PBXFileReference; lastKnownFileType = sourcecode.swift; path = HoursViewController.swift; sourceTree = "<group>"; };
		D007B5E424ADD6CD00CE27AA /* DaysViewController.swift */ = {isa = PBXFileReference; lastKnownFileType = sourcecode.swift; path = DaysViewController.swift; sourceTree = "<group>"; };
		D007B5E724ADD75500CE27AA /* TodayViewController.swift */ = {isa = PBXFileReference; lastKnownFileType = sourcecode.swift; path = TodayViewController.swift; sourceTree = "<group>"; };
		D007B5E924ADD82F00CE27AA /* InfoViewController.swift */ = {isa = PBXFileReference; lastKnownFileType = sourcecode.swift; path = InfoViewController.swift; sourceTree = "<group>"; };
		D007B5EF24ADE37900CE27AA /* ContainerPresenter.swift */ = {isa = PBXFileReference; lastKnownFileType = sourcecode.swift; path = ContainerPresenter.swift; sourceTree = "<group>"; };
		D007B5F324ADE4EE00CE27AA /* ContainerProtocols.swift */ = {isa = PBXFileReference; lastKnownFileType = sourcecode.swift; path = ContainerProtocols.swift; sourceTree = "<group>"; };
		D007B5F524ADE5FE00CE27AA /* Weather.swift */ = {isa = PBXFileReference; lastKnownFileType = sourcecode.swift; path = Weather.swift; sourceTree = "<group>"; };
		D007B5F924ADE87200CE27AA /* CoreLocation.framework */ = {isa = PBXFileReference; lastKnownFileType = wrapper.framework; name = CoreLocation.framework; path = System/Library/Frameworks/CoreLocation.framework; sourceTree = SDKROOT; };
		D007B5FB24ADFB4F00CE27AA /* WeatherService.swift */ = {isa = PBXFileReference; lastKnownFileType = sourcecode.swift; path = WeatherService.swift; sourceTree = "<group>"; };
		D007B5FD24AE0C4B00CE27AA /* Data+Content.swift */ = {isa = PBXFileReference; lastKnownFileType = sourcecode.swift; path = "Data+Content.swift"; sourceTree = "<group>"; };
		D007B60024AE265800CE27AA /* TopPresenter.swift */ = {isa = PBXFileReference; lastKnownFileType = sourcecode.swift; path = TopPresenter.swift; sourceTree = "<group>"; };
		D007B60224AE26D000CE27AA /* TopProtocols.swift */ = {isa = PBXFileReference; lastKnownFileType = sourcecode.swift; path = TopProtocols.swift; sourceTree = "<group>"; };
		D007B60424AE26E200CE27AA /* TopModel.swift */ = {isa = PBXFileReference; lastKnownFileType = sourcecode.swift; path = TopModel.swift; sourceTree = "<group>"; };
		D007B62A24AF707200CE27AA /* DateFormatter+Day.swift */ = {isa = PBXFileReference; lastKnownFileType = sourcecode.swift; path = "DateFormatter+Day.swift"; sourceTree = "<group>"; };
		D007B62C24AF73C600CE27AA /* Date+DayTime.swift */ = {isa = PBXFileReference; lastKnownFileType = sourcecode.swift; path = "Date+DayTime.swift"; sourceTree = "<group>"; };
		D007B62F24B218AD00CE27AA /* HoursProtocols.swift */ = {isa = PBXFileReference; lastKnownFileType = sourcecode.swift; path = HoursProtocols.swift; sourceTree = "<group>"; };
		D007B63124B218DA00CE27AA /* HoursModel.swift */ = {isa = PBXFileReference; lastKnownFileType = sourcecode.swift; path = HoursModel.swift; sourceTree = "<group>"; };
		D007B63324B2193400CE27AA /* HoursPresenter.swift */ = {isa = PBXFileReference; lastKnownFileType = sourcecode.swift; path = HoursPresenter.swift; sourceTree = "<group>"; };
		D007B63624B2239400CE27AA /* HourCell.swift */ = {isa = PBXFileReference; lastKnownFileType = sourcecode.swift; path = HourCell.swift; sourceTree = "<group>"; };
		D007B63724B2239400CE27AA /* HourCell.xib */ = {isa = PBXFileReference; lastKnownFileType = file.xib; path = HourCell.xib; sourceTree = "<group>"; };
		D007B63A24B36E1600CE27AA /* Int+.swift */ = {isa = PBXFileReference; lastKnownFileType = sourcecode.swift; path = "Int+.swift"; sourceTree = "<group>"; };
		D007B64024B4755900CE27AA /* HourCellProtocols.swift */ = {isa = PBXFileReference; lastKnownFileType = sourcecode.swift; path = HourCellProtocols.swift; sourceTree = "<group>"; };
		D007B64324B4814200CE27AA /* DaysProtocols.swift */ = {isa = PBXFileReference; lastKnownFileType = sourcecode.swift; path = DaysProtocols.swift; sourceTree = "<group>"; };
		D007B64524B4814F00CE27AA /* DaysModel.swift */ = {isa = PBXFileReference; lastKnownFileType = sourcecode.swift; path = DaysModel.swift; sourceTree = "<group>"; };
		D007B64724B4815900CE27AA /* DaysPresenter.swift */ = {isa = PBXFileReference; lastKnownFileType = sourcecode.swift; path = DaysPresenter.swift; sourceTree = "<group>"; };
		D007B64C24B49B8900CE27AA /* DayCell.swift */ = {isa = PBXFileReference; lastKnownFileType = sourcecode.swift; path = DayCell.swift; sourceTree = "<group>"; };
		D007B64D24B49B8900CE27AA /* DayCell.xib */ = {isa = PBXFileReference; lastKnownFileType = file.xib; path = DayCell.xib; sourceTree = "<group>"; };
		D007B65024B49BA000CE27AA /* DayCellProtocols.swift */ = {isa = PBXFileReference; lastKnownFileType = sourcecode.swift; path = DayCellProtocols.swift; sourceTree = "<group>"; };
		D007B65624B4A83000CE27AA /* UIImage+Icon.swift */ = {isa = PBXFileReference; lastKnownFileType = sourcecode.swift; path = "UIImage+Icon.swift"; sourceTree = "<group>"; };
		D007B65924B4ACF200CE27AA /* TodayProtocols.swift */ = {isa = PBXFileReference; lastKnownFileType = sourcecode.swift; path = TodayProtocols.swift; sourceTree = "<group>"; };
		D007B65B24B4AD3500CE27AA /* TodayModel.swift */ = {isa = PBXFileReference; lastKnownFileType = sourcecode.swift; path = TodayModel.swift; sourceTree = "<group>"; };
		D007B65D24B4AD4100CE27AA /* TodayPresenter.swift */ = {isa = PBXFileReference; lastKnownFileType = sourcecode.swift; path = TodayPresenter.swift; sourceTree = "<group>"; };
		D007B66024B5ED0400CE27AA /* InfoProtocols.swift */ = {isa = PBXFileReference; lastKnownFileType = sourcecode.swift; path = InfoProtocols.swift; sourceTree = "<group>"; };
		D007B66224B5ED1000CE27AA /* InfoModel.swift */ = {isa = PBXFileReference; lastKnownFileType = sourcecode.swift; path = InfoModel.swift; sourceTree = "<group>"; };
		D007B66424B5ED1A00CE27AA /* InfoPresenter.swift */ = {isa = PBXFileReference; lastKnownFileType = sourcecode.swift; path = InfoPresenter.swift; sourceTree = "<group>"; };
		D007B66724B5FF9100CE27AA /* InfoCellProtocols.swift */ = {isa = PBXFileReference; lastKnownFileType = sourcecode.swift; path = InfoCellProtocols.swift; sourceTree = "<group>"; };
		D007B66D24B5FFB800CE27AA /* InfoCell.swift */ = {isa = PBXFileReference; lastKnownFileType = sourcecode.swift; path = InfoCell.swift; sourceTree = "<group>"; };
		D007B66E24B5FFB800CE27AA /* InfoCell.xib */ = {isa = PBXFileReference; lastKnownFileType = file.xib; path = InfoCell.xib; sourceTree = "<group>"; };
		D007B67324B88AD500CE27AA /* WebKit.framework */ = {isa = PBXFileReference; lastKnownFileType = wrapper.framework; name = WebKit.framework; path = System/Library/Frameworks/WebKit.framework; sourceTree = SDKROOT; };
		D007B67C24B89C8F00CE27AA /* GithubViewController.swift */ = {isa = PBXFileReference; lastKnownFileType = sourcecode.swift; path = GithubViewController.swift; sourceTree = "<group>"; };
		D007B67E24B8A95A00CE27AA /* GithubPresenter.swift */ = {isa = PBXFileReference; lastKnownFileType = sourcecode.swift; path = GithubPresenter.swift; sourceTree = "<group>"; };
		D007B68024B8AB4800CE27AA /* API.swift */ = {isa = PBXFileReference; lastKnownFileType = sourcecode.swift; path = API.swift; sourceTree = "<group>"; };
		D007B68324B8ACE600CE27AA /* GithubProtocols.swift */ = {isa = PBXFileReference; lastKnownFileType = sourcecode.swift; path = GithubProtocols.swift; sourceTree = "<group>"; };
		D007B68824BC679700CE27AA /* ContainerCell.swift */ = {isa = PBXFileReference; lastKnownFileType = sourcecode.swift; path = ContainerCell.swift; sourceTree = "<group>"; };
		D007B68A24BC6A9900CE27AA /* UIStoryboard+Main.swift */ = {isa = PBXFileReference; lastKnownFileType = sourcecode.swift; path = "UIStoryboard+Main.swift"; sourceTree = "<group>"; };
		D01437E424E9822C007D7ACE /* PresenterConfigurator.swift */ = {isa = PBXFileReference; lastKnownFileType = sourcecode.swift; path = PresenterConfigurator.swift; sourceTree = "<group>"; };
		D014435124C5A73C00999F17 /* UINavigationController+StatusBar.swift */ = {isa = PBXFileReference; lastKnownFileType = sourcecode.swift; path = "UINavigationController+StatusBar.swift"; sourceTree = "<group>"; };
		D014435424C5CF2C00999F17 /* BottomViewController.swift */ = {isa = PBXFileReference; lastKnownFileType = sourcecode.swift; path = BottomViewController.swift; sourceTree = "<group>"; };
		D014435624C5CF4300999F17 /* BottomProtocols.swift */ = {isa = PBXFileReference; lastKnownFileType = sourcecode.swift; path = BottomProtocols.swift; sourceTree = "<group>"; };
		D014435824C5CF4F00999F17 /* BottomPresenter.swift */ = {isa = PBXFileReference; lastKnownFileType = sourcecode.swift; path = BottomPresenter.swift; sourceTree = "<group>"; };
		D02C9E9124DC49B200A4A0E7 /* README.md */ = {isa = PBXFileReference; fileEncoding = 4; lastKnownFileType = net.daringfireball.markdown; path = README.md; sourceTree = "<group>"; };
		D076CF0A25FDFE1A000C3F17 /* HourCellViewModel.swift */ = {isa = PBXFileReference; lastKnownFileType = sourcecode.swift; path = HourCellViewModel.swift; sourceTree = "<group>"; };
		D076CF1125FF435F000C3F17 /* DaysConfigurator.swift */ = {isa = PBXFileReference; lastKnownFileType = sourcecode.swift; path = DaysConfigurator.swift; sourceTree = "<group>"; };
		D076CF1525FF4400000C3F17 /* DaysTableView.swift */ = {isa = PBXFileReference; lastKnownFileType = sourcecode.swift; path = DaysTableView.swift; sourceTree = "<group>"; };
		D076CF1925FF4AD0000C3F17 /* DaysInteractor.swift */ = {isa = PBXFileReference; lastKnownFileType = sourcecode.swift; path = DaysInteractor.swift; sourceTree = "<group>"; };
		D076CF1E25FF4B1F000C3F17 /* DaysRouter.swift */ = {isa = PBXFileReference; lastKnownFileType = sourcecode.swift; path = DaysRouter.swift; sourceTree = "<group>"; };
		D076CF2225FF53B2000C3F17 /* DaysModelLayer.swift */ = {isa = PBXFileReference; lastKnownFileType = sourcecode.swift; path = DaysModelLayer.swift; sourceTree = "<group>"; };
		D076CF2525FF5DF0000C3F17 /* DayCellViewModel.swift */ = {isa = PBXFileReference; lastKnownFileType = sourcecode.swift; path = DayCellViewModel.swift; sourceTree = "<group>"; };
		D078C1DC260354B300C86480 /* InfoConfigurator.swift */ = {isa = PBXFileReference; lastKnownFileType = sourcecode.swift; path = InfoConfigurator.swift; sourceTree = "<group>"; };
		D078C1DF260354EF00C86480 /* InfoInteractor.swift */ = {isa = PBXFileReference; lastKnownFileType = sourcecode.swift; path = InfoInteractor.swift; sourceTree = "<group>"; };
		D078C1E2260354FB00C86480 /* InfoRouter.swift */ = {isa = PBXFileReference; lastKnownFileType = sourcecode.swift; path = InfoRouter.swift; sourceTree = "<group>"; };
		D078C1E72603553100C86480 /* InfoModelLayer.swift */ = {isa = PBXFileReference; lastKnownFileType = sourcecode.swift; path = InfoModelLayer.swift; sourceTree = "<group>"; };
		D078C1EA2603613B00C86480 /* InfoTableView.swift */ = {isa = PBXFileReference; lastKnownFileType = sourcecode.swift; path = InfoTableView.swift; sourceTree = "<group>"; };
		D078C1EF2603640700C86480 /* InfoCellViewModel.swift */ = {isa = PBXFileReference; lastKnownFileType = sourcecode.swift; path = InfoCellViewModel.swift; sourceTree = "<group>"; };
		D078C1F226037DDC00C86480 /* BottomConfigurator.swift */ = {isa = PBXFileReference; lastKnownFileType = sourcecode.swift; path = BottomConfigurator.swift; sourceTree = "<group>"; };
		D078C1F526037F4300C86480 /* BottomInteractor.swift */ = {isa = PBXFileReference; lastKnownFileType = sourcecode.swift; path = BottomInteractor.swift; sourceTree = "<group>"; };
		D078C1F826037F8B00C86480 /* BottomRouter.swift */ = {isa = PBXFileReference; lastKnownFileType = sourcecode.swift; path = BottomRouter.swift; sourceTree = "<group>"; };
		D0BEA46C25E3A85F008C3BB9 /* TodayConfigurator.swift */ = {isa = PBXFileReference; lastKnownFileType = sourcecode.swift; path = TodayConfigurator.swift; sourceTree = "<group>"; };
		D0BEA47025E3AB8A008C3BB9 /* TodayInteractor.swift */ = {isa = PBXFileReference; lastKnownFileType = sourcecode.swift; path = TodayInteractor.swift; sourceTree = "<group>"; };
		D0BEA47425E3ADCD008C3BB9 /* TodayRouter.swift */ = {isa = PBXFileReference; lastKnownFileType = sourcecode.swift; path = TodayRouter.swift; sourceTree = "<group>"; };
		D0BEA47825E3F271008C3BB9 /* TodayModelLayer.swift */ = {isa = PBXFileReference; lastKnownFileType = sourcecode.swift; path = TodayModelLayer.swift; sourceTree = "<group>"; };
		D0BEA47D25E4F8C3008C3BB9 /* ContainerConfigurator.swift */ = {isa = PBXFileReference; lastKnownFileType = sourcecode.swift; path = ContainerConfigurator.swift; sourceTree = "<group>"; };
		D0BEA48025E4F99E008C3BB9 /* ContainerInteractor.swift */ = {isa = PBXFileReference; lastKnownFileType = sourcecode.swift; path = ContainerInteractor.swift; sourceTree = "<group>"; };
		D0BEA48425E4F9E5008C3BB9 /* ContainerRouter.swift */ = {isa = PBXFileReference; lastKnownFileType = sourcecode.swift; path = ContainerRouter.swift; sourceTree = "<group>"; };
		D0BEA48825E4FB38008C3BB9 /* PreloadProtocols.swift */ = {isa = PBXFileReference; lastKnownFileType = sourcecode.swift; path = PreloadProtocols.swift; sourceTree = "<group>"; };
		D0BEA48C25E4FB64008C3BB9 /* PreloadConfigurator.swift */ = {isa = PBXFileReference; lastKnownFileType = sourcecode.swift; path = PreloadConfigurator.swift; sourceTree = "<group>"; };
		D0BEA48F25E4FBAE008C3BB9 /* PreloadViewController.swift */ = {isa = PBXFileReference; lastKnownFileType = sourcecode.swift; path = PreloadViewController.swift; sourceTree = "<group>"; };
		D0BEA49225E4FC5C008C3BB9 /* PreloadPresenter.swift */ = {isa = PBXFileReference; lastKnownFileType = sourcecode.swift; path = PreloadPresenter.swift; sourceTree = "<group>"; };
		D0BEA49525E4FCB0008C3BB9 /* PreloadInteractor.swift */ = {isa = PBXFileReference; lastKnownFileType = sourcecode.swift; path = PreloadInteractor.swift; sourceTree = "<group>"; };
		D0BEA49825E4FCD9008C3BB9 /* PreloadRouter.swift */ = {isa = PBXFileReference; lastKnownFileType = sourcecode.swift; path = PreloadRouter.swift; sourceTree = "<group>"; };
		D0BEA49B25E4FEFD008C3BB9 /* Constants.swift */ = {isa = PBXFileReference; lastKnownFileType = sourcecode.swift; path = Constants.swift; sourceTree = "<group>"; };
		D0BEA49E25E5197E008C3BB9 /* LocationServiceProvider.swift */ = {isa = PBXFileReference; lastKnownFileType = sourcecode.swift; path = LocationServiceProvider.swift; sourceTree = "<group>"; };
		D0BEA4A125E5408C008C3BB9 /* Error.swift */ = {isa = PBXFileReference; lastKnownFileType = sourcecode.swift; path = Error.swift; sourceTree = "<group>"; };
		D0CFF7D525F276DE0002C2BC /* HoursInteractor.swift */ = {isa = PBXFileReference; lastKnownFileType = sourcecode.swift; path = HoursInteractor.swift; sourceTree = "<group>"; };
		D0CFF7D825F276F10002C2BC /* HoursRouter.swift */ = {isa = PBXFileReference; lastKnownFileType = sourcecode.swift; path = HoursRouter.swift; sourceTree = "<group>"; };
		D0F4C0F725E7990900DE3574 /* WeatherServiceProvider.swift */ = {isa = PBXFileReference; lastKnownFileType = sourcecode.swift; path = WeatherServiceProvider.swift; sourceTree = "<group>"; };
		D0F4C0FA25E7A2B300DE3574 /* CacheService.swift */ = {isa = PBXFileReference; lastKnownFileType = sourcecode.swift; path = CacheService.swift; sourceTree = "<group>"; };
		D0F4C0FD25E7A98B00DE3574 /* CacheServiceProvider.swift */ = {isa = PBXFileReference; lastKnownFileType = sourcecode.swift; path = CacheServiceProvider.swift; sourceTree = "<group>"; };
		D0F4C10025E7D3A100DE3574 /* Mapper.swift */ = {isa = PBXFileReference; lastKnownFileType = sourcecode.swift; path = Mapper.swift; sourceTree = "<group>"; };
		D0F4C12625E7FADA00DE3574 /* TableViewController.swift */ = {isa = PBXFileReference; lastKnownFileType = sourcecode.swift; path = TableViewController.swift; sourceTree = "<group>"; };
		D0F4C13025E8E21100DE3574 /* ContainerTableView.swift */ = {isa = PBXFileReference; lastKnownFileType = sourcecode.swift; path = ContainerTableView.swift; sourceTree = "<group>"; };
		D0F4C13325E8E34900DE3574 /* TopConfigurator.swift */ = {isa = PBXFileReference; lastKnownFileType = sourcecode.swift; path = TopConfigurator.swift; sourceTree = "<group>"; };
		D0F4C13625E8E47500DE3574 /* TopInteractor.swift */ = {isa = PBXFileReference; lastKnownFileType = sourcecode.swift; path = TopInteractor.swift; sourceTree = "<group>"; };
		D0F4C13B25E8E4C100DE3574 /* TopRouter.swift */ = {isa = PBXFileReference; lastKnownFileType = sourcecode.swift; path = TopRouter.swift; sourceTree = "<group>"; };
		D0F4C14325E8F2DF00DE3574 /* TopModelLayer.swift */ = {isa = PBXFileReference; lastKnownFileType = sourcecode.swift; path = TopModelLayer.swift; sourceTree = "<group>"; };
		D0F4C15425E9306600DE3574 /* HoursConfigurator.swift */ = {isa = PBXFileReference; lastKnownFileType = sourcecode.swift; path = HoursConfigurator.swift; sourceTree = "<group>"; };
		D0F4C15925E930E700DE3574 /* HoursModelLayer.swift */ = {isa = PBXFileReference; lastKnownFileType = sourcecode.swift; path = HoursModelLayer.swift; sourceTree = "<group>"; };
		D0F4C15C25E9329500DE3574 /* HoursCollectionView.swift */ = {isa = PBXFileReference; lastKnownFileType = sourcecode.swift; path = HoursCollectionView.swift; sourceTree = "<group>"; };
/* End PBXFileReference section */

/* Begin PBXFrameworksBuildPhase section */
		D007B5B424A9FFCF00CE27AA /* Frameworks */ = {
			isa = PBXFrameworksBuildPhase;
			buildActionMask = 2147483647;
			files = (
				D007B67424B88AD500CE27AA /* WebKit.framework in Frameworks */,
				D007B5FA24ADE87200CE27AA /* CoreLocation.framework in Frameworks */,
			);
			runOnlyForDeploymentPostprocessing = 0;
		};
/* End PBXFrameworksBuildPhase section */

/* Begin PBXGroup section */
		D007B5AE24A9FFCF00CE27AA = {
			isa = PBXGroup;
			children = (
				D02C9E9124DC49B200A4A0E7 /* README.md */,
				D007B5B924A9FFCF00CE27AA /* WeatherSample */,
				D007B5B824A9FFCF00CE27AA /* Products */,
				D007B5F824ADE87200CE27AA /* Frameworks */,
			);
			sourceTree = "<group>";
		};
		D007B5B824A9FFCF00CE27AA /* Products */ = {
			isa = PBXGroup;
			children = (
				D007B5B724A9FFCF00CE27AA /* WeatherSample.app */,
			);
			name = Products;
			sourceTree = "<group>";
		};
		D007B5B924A9FFCF00CE27AA /* WeatherSample */ = {
			isa = PBXGroup;
			children = (
				D007B5D024AA069100CE27AA /* Services */,
				D0F4C10325E7D4D300DE3574 /* Providers */,
				D007B5D424AA06CD00CE27AA /* Extensions */,
				D0BEA48725E4FB1F008C3BB9 /* Preload */,
				D007B5F724ADE74100CE27AA /* Container */,
				D007B5FF24AE263D00CE27AA /* Top */,
				D007B62E24B2187200CE27AA /* Hours */,
				D007B64224B4812400CE27AA /* Days */,
				D007B65824B4ACD700CE27AA /* Today */,
				D007B65F24B5E02800CE27AA /* Info */,
				D014435324C5CF1200999F17 /* Bottom */,
				D007B68224B8ABDA00CE27AA /* Github */,
				D007B5D824AA074B00CE27AA /* Views */,
				D007B5D724AA071500CE27AA /* Other */,
			);
			path = WeatherSample;
			sourceTree = "<group>";
		};
		D007B5D024AA069100CE27AA /* Services */ = {
			isa = PBXGroup;
			children = (
				D007B68024B8AB4800CE27AA /* API.swift */,
				D0F4C10025E7D3A100DE3574 /* Mapper.swift */,
				D007B5D124AA06A300CE27AA /* LocationService.swift */,
				D007B5FB24ADFB4F00CE27AA /* WeatherService.swift */,
				D0F4C0FA25E7A2B300DE3574 /* CacheService.swift */,
				D01437E424E9822C007D7ACE /* PresenterConfigurator.swift */,
			);
			path = Services;
			sourceTree = "<group>";
		};
		D007B5D424AA06CD00CE27AA /* Extensions */ = {
			isa = PBXGroup;
			children = (
				D014435124C5A73C00999F17 /* UINavigationController+StatusBar.swift */,
				D007B68A24BC6A9900CE27AA /* UIStoryboard+Main.swift */,
				D007B5FD24AE0C4B00CE27AA /* Data+Content.swift */,
				D007B62A24AF707200CE27AA /* DateFormatter+Day.swift */,
				D007B62C24AF73C600CE27AA /* Date+DayTime.swift */,
				D007B65624B4A83000CE27AA /* UIImage+Icon.swift */,
				D007B63A24B36E1600CE27AA /* Int+.swift */,
			);
			path = Extensions;
			sourceTree = "<group>";
		};
		D007B5D724AA071500CE27AA /* Other */ = {
			isa = PBXGroup;
			children = (
				D007B5BA24A9FFCF00CE27AA /* AppDelegate.swift */,
				D007B5BC24A9FFCF00CE27AA /* SceneDelegate.swift */,
				D007B5C324A9FFD100CE27AA /* Assets.xcassets */,
				D007B5C824A9FFD100CE27AA /* Info.plist */,
				D0BEA49B25E4FEFD008C3BB9 /* Constants.swift */,
				D0BEA4A125E5408C008C3BB9 /* Error.swift */,
				D0F4C12625E7FADA00DE3574 /* TableViewController.swift */,
			);
			path = Other;
			sourceTree = "<group>";
		};
		D007B5D824AA074B00CE27AA /* Views */ = {
			isa = PBXGroup;
			children = (
				D007B5C024A9FFCF00CE27AA /* Main.storyboard */,
				D007B5C524A9FFD100CE27AA /* LaunchScreen.storyboard */,
			);
			path = Views;
			sourceTree = "<group>";
		};
		D007B5F724ADE74100CE27AA /* Container */ = {
			isa = PBXGroup;
			children = (
				D007B68524BC66BF00CE27AA /* Views */,
				D007B5F324ADE4EE00CE27AA /* ContainerProtocols.swift */,
				D0BEA47D25E4F8C3008C3BB9 /* ContainerConfigurator.swift */,
				D007B5DE24AA094800CE27AA /* ContainerViewController.swift */,
				D007B5EF24ADE37900CE27AA /* ContainerPresenter.swift */,
				D0BEA48025E4F99E008C3BB9 /* ContainerInteractor.swift */,
				D0BEA48425E4F9E5008C3BB9 /* ContainerRouter.swift */,
			);
			path = Container;
			sourceTree = "<group>";
		};
		D007B5F824ADE87200CE27AA /* Frameworks */ = {
			isa = PBXGroup;
			children = (
				D007B67324B88AD500CE27AA /* WebKit.framework */,
				D007B5F924ADE87200CE27AA /* CoreLocation.framework */,
			);
			name = Frameworks;
			sourceTree = "<group>";
		};
		D007B5FF24AE263D00CE27AA /* Top */ = {
			isa = PBXGroup;
			children = (
				D0F4C13A25E8E4AF00DE3574 /* Model */,
				D007B60224AE26D000CE27AA /* TopProtocols.swift */,
				D0F4C13325E8E34900DE3574 /* TopConfigurator.swift */,
				D007B5E024AA0A6100CE27AA /* TopViewController.swift */,
				D007B60024AE265800CE27AA /* TopPresenter.swift */,
				D0F4C13625E8E47500DE3574 /* TopInteractor.swift */,
				D0F4C13B25E8E4C100DE3574 /* TopRouter.swift */,
			);
			path = Top;
			sourceTree = "<group>";
		};
		D007B62E24B2187200CE27AA /* Hours */ = {
			isa = PBXGroup;
			children = (
				D0F4C15725E930B300DE3574 /* Model */,
				D007B63524B2236300CE27AA /* Views */,
				D007B62F24B218AD00CE27AA /* HoursProtocols.swift */,
				D0F4C15425E9306600DE3574 /* HoursConfigurator.swift */,
				D007B5E224ADD42000CE27AA /* HoursViewController.swift */,
				D007B63324B2193400CE27AA /* HoursPresenter.swift */,
				D0CFF7D525F276DE0002C2BC /* HoursInteractor.swift */,
				D0CFF7D825F276F10002C2BC /* HoursRouter.swift */,
			);
			path = Hours;
			sourceTree = "<group>";
		};
		D007B63524B2236300CE27AA /* Views */ = {
			isa = PBXGroup;
			children = (
				D076CF0E25FEAEAE000C3F17 /* HourCell */,
				D0F4C15C25E9329500DE3574 /* HoursCollectionView.swift */,
			);
			path = Views;
			sourceTree = "<group>";
		};
		D007B64224B4812400CE27AA /* Days */ = {
			isa = PBXGroup;
			children = (
				D076CF1C25FF4AD6000C3F17 /* Model */,
				D076CF1425FF43E3000C3F17 /* Views */,
				D007B64324B4814200CE27AA /* DaysProtocols.swift */,
				D076CF1125FF435F000C3F17 /* DaysConfigurator.swift */,
				D007B5E424ADD6CD00CE27AA /* DaysViewController.swift */,
				D007B64724B4815900CE27AA /* DaysPresenter.swift */,
				D076CF1925FF4AD0000C3F17 /* DaysInteractor.swift */,
				D076CF1E25FF4B1F000C3F17 /* DaysRouter.swift */,
			);
			path = Days;
			sourceTree = "<group>";
		};
		D007B64924B49B5B00CE27AA /* DaysCell */ = {
			isa = PBXGroup;
			children = (
				D007B65024B49BA000CE27AA /* DayCellProtocols.swift */,
				D076CF2525FF5DF0000C3F17 /* DayCellViewModel.swift */,
				D007B64C24B49B8900CE27AA /* DayCell.swift */,
				D007B64D24B49B8900CE27AA /* DayCell.xib */,
			);
			path = DaysCell;
			sourceTree = "<group>";
		};
		D007B65824B4ACD700CE27AA /* Today */ = {
			isa = PBXGroup;
			children = (
				D0BEA47725E3F25C008C3BB9 /* Model */,
				D007B65924B4ACF200CE27AA /* TodayProtocols.swift */,
				D0BEA46C25E3A85F008C3BB9 /* TodayConfigurator.swift */,
				D007B5E724ADD75500CE27AA /* TodayViewController.swift */,
				D007B65D24B4AD4100CE27AA /* TodayPresenter.swift */,
				D0BEA47025E3AB8A008C3BB9 /* TodayInteractor.swift */,
				D0BEA47425E3ADCD008C3BB9 /* TodayRouter.swift */,
			);
			path = Today;
			sourceTree = "<group>";
		};
		D007B65F24B5E02800CE27AA /* Info */ = {
			isa = PBXGroup;
			children = (
				D078C1E52603550000C86480 /* Model */,
				D078C1E62603550800C86480 /* Views */,
				D007B66024B5ED0400CE27AA /* InfoProtocols.swift */,
				D078C1DC260354B300C86480 /* InfoConfigurator.swift */,
				D007B5E924ADD82F00CE27AA /* InfoViewController.swift */,
				D007B66424B5ED1A00CE27AA /* InfoPresenter.swift */,
				D078C1DF260354EF00C86480 /* InfoInteractor.swift */,
				D078C1E2260354FB00C86480 /* InfoRouter.swift */,
			);
			path = Info;
			sourceTree = "<group>";
		};
		D007B66624B5FF8100CE27AA /* Cell */ = {
			isa = PBXGroup;
			children = (
				D007B66724B5FF9100CE27AA /* InfoCellProtocols.swift */,
				D078C1EF2603640700C86480 /* InfoCellViewModel.swift */,
				D007B66D24B5FFB800CE27AA /* InfoCell.swift */,
				D007B66E24B5FFB800CE27AA /* InfoCell.xib */,
			);
			path = Cell;
			sourceTree = "<group>";
		};
		D007B68224B8ABDA00CE27AA /* Github */ = {
			isa = PBXGroup;
			children = (
				D007B68324B8ACE600CE27AA /* GithubProtocols.swift */,
				D007B67E24B8A95A00CE27AA /* GithubPresenter.swift */,
				D007B67C24B89C8F00CE27AA /* GithubViewController.swift */,
			);
			path = Github;
			sourceTree = "<group>";
		};
		D007B68524BC66BF00CE27AA /* Views */ = {
			isa = PBXGroup;
			children = (
				D007B68824BC679700CE27AA /* ContainerCell.swift */,
				D0F4C13025E8E21100DE3574 /* ContainerTableView.swift */,
			);
			path = Views;
			sourceTree = "<group>";
		};
		D014435324C5CF1200999F17 /* Bottom */ = {
			isa = PBXGroup;
			children = (
				D014435624C5CF4300999F17 /* BottomProtocols.swift */,
				D078C1F226037DDC00C86480 /* BottomConfigurator.swift */,
				D014435424C5CF2C00999F17 /* BottomViewController.swift */,
				D014435824C5CF4F00999F17 /* BottomPresenter.swift */,
				D078C1F526037F4300C86480 /* BottomInteractor.swift */,
				D078C1F826037F8B00C86480 /* BottomRouter.swift */,
			);
			path = Bottom;
			sourceTree = "<group>";
		};
		D076CF0E25FEAEAE000C3F17 /* HourCell */ = {
			isa = PBXGroup;
			children = (
				D007B64024B4755900CE27AA /* HourCellProtocols.swift */,
				D076CF0A25FDFE1A000C3F17 /* HourCellViewModel.swift */,
				D007B63624B2239400CE27AA /* HourCell.swift */,
				D007B63724B2239400CE27AA /* HourCell.xib */,
			);
			path = HourCell;
			sourceTree = "<group>";
		};
		D076CF1425FF43E3000C3F17 /* Views */ = {
			isa = PBXGroup;
			children = (
				D007B64924B49B5B00CE27AA /* DaysCell */,
				D076CF1525FF4400000C3F17 /* DaysTableView.swift */,
			);
			path = Views;
			sourceTree = "<group>";
		};
		D076CF1C25FF4AD6000C3F17 /* Model */ = {
			isa = PBXGroup;
			children = (
				D007B64524B4814F00CE27AA /* DaysModel.swift */,
				D076CF2225FF53B2000C3F17 /* DaysModelLayer.swift */,
			);
			path = Model;
			sourceTree = "<group>";
		};
		D078C1E52603550000C86480 /* Model */ = {
			isa = PBXGroup;
			children = (
				D007B66224B5ED1000CE27AA /* InfoModel.swift */,
				D078C1E72603553100C86480 /* InfoModelLayer.swift */,
			);
			path = Model;
			sourceTree = "<group>";
		};
		D078C1E62603550800C86480 /* Views */ = {
			isa = PBXGroup;
			children = (
				D007B66624B5FF8100CE27AA /* Cell */,
				D078C1EA2603613B00C86480 /* InfoTableView.swift */,
			);
			path = Views;
			sourceTree = "<group>";
		};
		D0BEA47725E3F25C008C3BB9 /* Model */ = {
			isa = PBXGroup;
			children = (
				D007B65B24B4AD3500CE27AA /* TodayModel.swift */,
				D0BEA47825E3F271008C3BB9 /* TodayModelLayer.swift */,
			);
			path = Model;
			sourceTree = "<group>";
		};
		D0BEA47C25E4F834008C3BB9 /* Model */ = {
			isa = PBXGroup;
			children = (
				D007B5F524ADE5FE00CE27AA /* Weather.swift */,
			);
			path = Model;
			sourceTree = "<group>";
		};
		D0BEA48725E4FB1F008C3BB9 /* Preload */ = {
			isa = PBXGroup;
			children = (
				D0BEA47C25E4F834008C3BB9 /* Model */,
				D0BEA48825E4FB38008C3BB9 /* PreloadProtocols.swift */,
				D0BEA48C25E4FB64008C3BB9 /* PreloadConfigurator.swift */,
				D0BEA48F25E4FBAE008C3BB9 /* PreloadViewController.swift */,
				D0BEA49225E4FC5C008C3BB9 /* PreloadPresenter.swift */,
				D0BEA49525E4FCB0008C3BB9 /* PreloadInteractor.swift */,
				D0BEA49825E4FCD9008C3BB9 /* PreloadRouter.swift */,
			);
			path = Preload;
			sourceTree = "<group>";
		};
		D0F4C10325E7D4D300DE3574 /* Providers */ = {
			isa = PBXGroup;
			children = (
				D0BEA49E25E5197E008C3BB9 /* LocationServiceProvider.swift */,
				D0F4C0F725E7990900DE3574 /* WeatherServiceProvider.swift */,
				D0F4C0FD25E7A98B00DE3574 /* CacheServiceProvider.swift */,
			);
			path = Providers;
			sourceTree = "<group>";
		};
		D0F4C13A25E8E4AF00DE3574 /* Model */ = {
			isa = PBXGroup;
			children = (
				D007B60424AE26E200CE27AA /* TopModel.swift */,
				D0F4C14325E8F2DF00DE3574 /* TopModelLayer.swift */,
			);
			path = Model;
			sourceTree = "<group>";
		};
		D0F4C15725E930B300DE3574 /* Model */ = {
			isa = PBXGroup;
			children = (
				D007B63124B218DA00CE27AA /* HoursModel.swift */,
				D0F4C15925E930E700DE3574 /* HoursModelLayer.swift */,
			);
			path = Model;
			sourceTree = "<group>";
		};
/* End PBXGroup section */

/* Begin PBXNativeTarget section */
		D007B5B624A9FFCF00CE27AA /* WeatherSample */ = {
			isa = PBXNativeTarget;
			buildConfigurationList = D007B5CB24A9FFD100CE27AA /* Build configuration list for PBXNativeTarget "WeatherSample" */;
			buildPhases = (
				D007B5B324A9FFCF00CE27AA /* Sources */,
				D007B5B424A9FFCF00CE27AA /* Frameworks */,
				D007B5B524A9FFCF00CE27AA /* Resources */,
			);
			buildRules = (
			);
			dependencies = (
			);
			name = WeatherSample;
			productName = WeatherSample;
			productReference = D007B5B724A9FFCF00CE27AA /* WeatherSample.app */;
			productType = "com.apple.product-type.application";
		};
/* End PBXNativeTarget section */

/* Begin PBXProject section */
		D007B5AF24A9FFCF00CE27AA /* Project object */ = {
			isa = PBXProject;
			attributes = {
				LastSwiftUpdateCheck = 1130;
				LastUpgradeCheck = 1130;
				ORGANIZATIONNAME = "Alexander Krylov";
				TargetAttributes = {
					D007B5B624A9FFCF00CE27AA = {
						CreatedOnToolsVersion = 11.3.1;
					};
				};
			};
			buildConfigurationList = D007B5B224A9FFCF00CE27AA /* Build configuration list for PBXProject "WeatherSample" */;
			compatibilityVersion = "Xcode 9.3";
			developmentRegion = en;
			hasScannedForEncodings = 0;
			knownRegions = (
				en,
				Base,
			);
			mainGroup = D007B5AE24A9FFCF00CE27AA;
			productRefGroup = D007B5B824A9FFCF00CE27AA /* Products */;
			projectDirPath = "";
			projectRoot = "";
			targets = (
				D007B5B624A9FFCF00CE27AA /* WeatherSample */,
			);
		};
/* End PBXProject section */

/* Begin PBXResourcesBuildPhase section */
		D007B5B524A9FFCF00CE27AA /* Resources */ = {
			isa = PBXResourcesBuildPhase;
			buildActionMask = 2147483647;
			files = (
				D007B5C724A9FFD100CE27AA /* LaunchScreen.storyboard in Resources */,
				D007B67024B5FFB800CE27AA /* InfoCell.xib in Resources */,
				D007B5C424A9FFD100CE27AA /* Assets.xcassets in Resources */,
				D02C9E9224DC49B200A4A0E7 /* README.md in Resources */,
				D007B5C224A9FFCF00CE27AA /* Main.storyboard in Resources */,
				D007B64F24B49B8900CE27AA /* DayCell.xib in Resources */,
				D007B63924B2239400CE27AA /* HourCell.xib in Resources */,
			);
			runOnlyForDeploymentPostprocessing = 0;
		};
/* End PBXResourcesBuildPhase section */

/* Begin PBXSourcesBuildPhase section */
		D007B5B324A9FFCF00CE27AA /* Sources */ = {
			isa = PBXSourcesBuildPhase;
			buildActionMask = 2147483647;
			files = (
				D0BEA48125E4F99E008C3BB9 /* ContainerInteractor.swift in Sources */,
				D007B68B24BC6A9900CE27AA /* UIStoryboard+Main.swift in Sources */,
				D076CF1625FF4400000C3F17 /* DaysTableView.swift in Sources */,
				D007B63424B2193400CE27AA /* HoursPresenter.swift in Sources */,
				D0F4C13425E8E34900DE3574 /* TopConfigurator.swift in Sources */,
				D007B5E324ADD42000CE27AA /* HoursViewController.swift in Sources */,
				D007B60524AE26E200CE27AA /* TopModel.swift in Sources */,
				D007B5BB24A9FFCF00CE27AA /* AppDelegate.swift in Sources */,
				D007B5E524ADD6CD00CE27AA /* DaysViewController.swift in Sources */,
				D007B64624B4814F00CE27AA /* DaysModel.swift in Sources */,
				D007B5D224AA06A300CE27AA /* LocationService.swift in Sources */,
				D007B64424B4814200CE27AA /* DaysProtocols.swift in Sources */,
				D014435924C5CF4F00999F17 /* BottomPresenter.swift in Sources */,
				D078C1EB2603613B00C86480 /* InfoTableView.swift in Sources */,
				D0F4C13725E8E47500DE3574 /* TopInteractor.swift in Sources */,
				D078C1E3260354FB00C86480 /* InfoRouter.swift in Sources */,
				D007B65E24B4AD4100CE27AA /* TodayPresenter.swift in Sources */,
				D014435724C5CF4300999F17 /* BottomProtocols.swift in Sources */,
				D007B68424B8ACE600CE27AA /* GithubProtocols.swift in Sources */,
				D014435224C5A73C00999F17 /* UINavigationController+StatusBar.swift in Sources */,
				D007B62B24AF707200CE27AA /* DateFormatter+Day.swift in Sources */,
				D0BEA4A225E5408C008C3BB9 /* Error.swift in Sources */,
				D0F4C13125E8E21100DE3574 /* ContainerTableView.swift in Sources */,
				D0BEA47925E3F271008C3BB9 /* TodayModelLayer.swift in Sources */,
				D007B66324B5ED1000CE27AA /* InfoModel.swift in Sources */,
				D007B64E24B49B8900CE27AA /* DayCell.swift in Sources */,
				D007B5EA24ADD82F00CE27AA /* InfoViewController.swift in Sources */,
				D076CF1A25FF4AD0000C3F17 /* DaysInteractor.swift in Sources */,
				D078C1F02603640700C86480 /* InfoCellViewModel.swift in Sources */,
				D0BEA48525E4F9E5008C3BB9 /* ContainerRouter.swift in Sources */,
				D007B5E824ADD75500CE27AA /* TodayViewController.swift in Sources */,
				D076CF1F25FF4B1F000C3F17 /* DaysRouter.swift in Sources */,
				D076CF1225FF435F000C3F17 /* DaysConfigurator.swift in Sources */,
				D0BEA49C25E4FEFD008C3BB9 /* Constants.swift in Sources */,
				D007B5FC24ADFB4F00CE27AA /* WeatherService.swift in Sources */,
				D078C1DD260354B300C86480 /* InfoConfigurator.swift in Sources */,
				D007B66824B5FF9100CE27AA /* InfoCellProtocols.swift in Sources */,
				D0BEA47525E3ADCD008C3BB9 /* TodayRouter.swift in Sources */,
				D0BEA47E25E4F8C3008C3BB9 /* ContainerConfigurator.swift in Sources */,
				D0F4C0F825E7990A00DE3574 /* WeatherServiceProvider.swift in Sources */,
				D007B63224B218DA00CE27AA /* HoursModel.swift in Sources */,
				D01437E524E9822C007D7ACE /* PresenterConfigurator.swift in Sources */,
				D007B68924BC679700CE27AA /* ContainerCell.swift in Sources */,
				D007B67F24B8A95A00CE27AA /* GithubPresenter.swift in Sources */,
				D007B60324AE26D000CE27AA /* TopProtocols.swift in Sources */,
				D0CFF7D625F276DE0002C2BC /* HoursInteractor.swift in Sources */,
				D078C1F926037F8B00C86480 /* BottomRouter.swift in Sources */,
				D014435524C5CF2C00999F17 /* BottomViewController.swift in Sources */,
				D007B64124B4755900CE27AA /* HourCellProtocols.swift in Sources */,
				D007B5DF24AA094800CE27AA /* ContainerViewController.swift in Sources */,
				D078C1E0260354EF00C86480 /* InfoInteractor.swift in Sources */,
				D007B60124AE265800CE27AA /* TopPresenter.swift in Sources */,
				D007B63824B2239400CE27AA /* HourCell.swift in Sources */,
				D007B63024B218AD00CE27AA /* HoursProtocols.swift in Sources */,
				D007B66F24B5FFB800CE27AA /* InfoCell.swift in Sources */,
				D0BEA49F25E5197E008C3BB9 /* LocationServiceProvider.swift in Sources */,
				D007B5FE24AE0C4B00CE27AA /* Data+Content.swift in Sources */,
				D0BEA49025E4FBAE008C3BB9 /* PreloadViewController.swift in Sources */,
				D007B66124B5ED0400CE27AA /* InfoProtocols.swift in Sources */,
				D0BEA47125E3AB8B008C3BB9 /* TodayInteractor.swift in Sources */,
				D007B64824B4815900CE27AA /* DaysPresenter.swift in Sources */,
				D076CF2325FF53B2000C3F17 /* DaysModelLayer.swift in Sources */,
				D0F4C12725E7FADA00DE3574 /* TableViewController.swift in Sources */,
				D007B5F424ADE4EE00CE27AA /* ContainerProtocols.swift in Sources */,
				D007B65A24B4ACF200CE27AA /* TodayProtocols.swift in Sources */,
				D0F4C15D25E9329500DE3574 /* HoursCollectionView.swift in Sources */,
				D078C1F626037F4300C86480 /* BottomInteractor.swift in Sources */,
				D0BEA49625E4FCB0008C3BB9 /* PreloadInteractor.swift in Sources */,
				D007B66524B5ED1A00CE27AA /* InfoPresenter.swift in Sources */,
				D0BEA49925E4FCD9008C3BB9 /* PreloadRouter.swift in Sources */,
				D0F4C10125E7D3A100DE3574 /* Mapper.swift in Sources */,
				D007B62D24AF73C600CE27AA /* Date+DayTime.swift in Sources */,
				D007B5F624ADE5FE00CE27AA /* Weather.swift in Sources */,
				D0F4C14425E8F2DF00DE3574 /* TopModelLayer.swift in Sources */,
				D007B67D24B89C8F00CE27AA /* GithubViewController.swift in Sources */,
				D0BEA49325E4FC5C008C3BB9 /* PreloadPresenter.swift in Sources */,
				D007B65124B49BA000CE27AA /* DayCellProtocols.swift in Sources */,
				D007B65C24B4AD3500CE27AA /* TodayModel.swift in Sources */,
				D007B5F024ADE37900CE27AA /* ContainerPresenter.swift in Sources */,
				D0F4C13C25E8E4C100DE3574 /* TopRouter.swift in Sources */,
				D007B68124B8AB4800CE27AA /* API.swift in Sources */,
				D0CFF7D925F276F10002C2BC /* HoursRouter.swift in Sources */,
				D007B65724B4A83000CE27AA /* UIImage+Icon.swift in Sources */,
				D078C1F326037DDC00C86480 /* BottomConfigurator.swift in Sources */,
				D0BEA48D25E4FB64008C3BB9 /* PreloadConfigurator.swift in Sources */,
				D0F4C15525E9306600DE3574 /* HoursConfigurator.swift in Sources */,
				D078C1E82603553100C86480 /* InfoModelLayer.swift in Sources */,
				D0F4C0FB25E7A2B300DE3574 /* CacheService.swift in Sources */,
				D0F4C0FE25E7A98B00DE3574 /* CacheServiceProvider.swift in Sources */,
				D007B63B24B36E1700CE27AA /* Int+.swift in Sources */,
				D0F4C15A25E930E700DE3574 /* HoursModelLayer.swift in Sources */,
				D0BEA46D25E3A85F008C3BB9 /* TodayConfigurator.swift in Sources */,
				D076CF0B25FDFE1A000C3F17 /* HourCellViewModel.swift in Sources */,
				D0BEA48925E4FB38008C3BB9 /* PreloadProtocols.swift in Sources */,
				D007B5BD24A9FFCF00CE27AA /* SceneDelegate.swift in Sources */,
				D007B5E124AA0A6100CE27AA /* TopViewController.swift in Sources */,
				D076CF2625FF5DF0000C3F17 /* DayCellViewModel.swift in Sources */,
			);
			runOnlyForDeploymentPostprocessing = 0;
		};
/* End PBXSourcesBuildPhase section */

/* Begin PBXVariantGroup section */
		D007B5C024A9FFCF00CE27AA /* Main.storyboard */ = {
			isa = PBXVariantGroup;
			children = (
				D007B5C124A9FFCF00CE27AA /* Base */,
			);
			name = Main.storyboard;
			sourceTree = "<group>";
		};
		D007B5C524A9FFD100CE27AA /* LaunchScreen.storyboard */ = {
			isa = PBXVariantGroup;
			children = (
				D007B5C624A9FFD100CE27AA /* Base */,
			);
			name = LaunchScreen.storyboard;
			sourceTree = "<group>";
		};
/* End PBXVariantGroup section */

/* Begin XCBuildConfiguration section */
		D007B5C924A9FFD100CE27AA /* Debug */ = {
			isa = XCBuildConfiguration;
			buildSettings = {
				ALWAYS_SEARCH_USER_PATHS = NO;
				CLANG_ANALYZER_NONNULL = YES;
				CLANG_ANALYZER_NUMBER_OBJECT_CONVERSION = YES_AGGRESSIVE;
				CLANG_CXX_LANGUAGE_STANDARD = "gnu++14";
				CLANG_CXX_LIBRARY = "libc++";
				CLANG_ENABLE_MODULES = YES;
				CLANG_ENABLE_OBJC_ARC = YES;
				CLANG_ENABLE_OBJC_WEAK = YES;
				CLANG_WARN_BLOCK_CAPTURE_AUTORELEASING = YES;
				CLANG_WARN_BOOL_CONVERSION = YES;
				CLANG_WARN_COMMA = YES;
				CLANG_WARN_CONSTANT_CONVERSION = YES;
				CLANG_WARN_DEPRECATED_OBJC_IMPLEMENTATIONS = YES;
				CLANG_WARN_DIRECT_OBJC_ISA_USAGE = YES_ERROR;
				CLANG_WARN_DOCUMENTATION_COMMENTS = YES;
				CLANG_WARN_EMPTY_BODY = YES;
				CLANG_WARN_ENUM_CONVERSION = YES;
				CLANG_WARN_INFINITE_RECURSION = YES;
				CLANG_WARN_INT_CONVERSION = YES;
				CLANG_WARN_NON_LITERAL_NULL_CONVERSION = YES;
				CLANG_WARN_OBJC_IMPLICIT_RETAIN_SELF = YES;
				CLANG_WARN_OBJC_LITERAL_CONVERSION = YES;
				CLANG_WARN_OBJC_ROOT_CLASS = YES_ERROR;
				CLANG_WARN_RANGE_LOOP_ANALYSIS = YES;
				CLANG_WARN_STRICT_PROTOTYPES = YES;
				CLANG_WARN_SUSPICIOUS_MOVE = YES;
				CLANG_WARN_UNGUARDED_AVAILABILITY = YES_AGGRESSIVE;
				CLANG_WARN_UNREACHABLE_CODE = YES;
				CLANG_WARN__DUPLICATE_METHOD_MATCH = YES;
				COPY_PHASE_STRIP = NO;
				DEBUG_INFORMATION_FORMAT = dwarf;
				ENABLE_STRICT_OBJC_MSGSEND = YES;
				ENABLE_TESTABILITY = YES;
				GCC_C_LANGUAGE_STANDARD = gnu11;
				GCC_DYNAMIC_NO_PIC = NO;
				GCC_NO_COMMON_BLOCKS = YES;
				GCC_OPTIMIZATION_LEVEL = 0;
				GCC_PREPROCESSOR_DEFINITIONS = (
					"DEBUG=1",
					"$(inherited)",
				);
				GCC_WARN_64_TO_32_BIT_CONVERSION = YES;
				GCC_WARN_ABOUT_RETURN_TYPE = YES_ERROR;
				GCC_WARN_UNDECLARED_SELECTOR = YES;
				GCC_WARN_UNINITIALIZED_AUTOS = YES_AGGRESSIVE;
				GCC_WARN_UNUSED_FUNCTION = YES;
				GCC_WARN_UNUSED_VARIABLE = YES;
				IPHONEOS_DEPLOYMENT_TARGET = 13.2;
				MTL_ENABLE_DEBUG_INFO = INCLUDE_SOURCE;
				MTL_FAST_MATH = YES;
				ONLY_ACTIVE_ARCH = YES;
				SDKROOT = iphoneos;
				SWIFT_ACTIVE_COMPILATION_CONDITIONS = DEBUG;
				SWIFT_OPTIMIZATION_LEVEL = "-Onone";
			};
			name = Debug;
		};
		D007B5CA24A9FFD100CE27AA /* Release */ = {
			isa = XCBuildConfiguration;
			buildSettings = {
				ALWAYS_SEARCH_USER_PATHS = NO;
				CLANG_ANALYZER_NONNULL = YES;
				CLANG_ANALYZER_NUMBER_OBJECT_CONVERSION = YES_AGGRESSIVE;
				CLANG_CXX_LANGUAGE_STANDARD = "gnu++14";
				CLANG_CXX_LIBRARY = "libc++";
				CLANG_ENABLE_MODULES = YES;
				CLANG_ENABLE_OBJC_ARC = YES;
				CLANG_ENABLE_OBJC_WEAK = YES;
				CLANG_WARN_BLOCK_CAPTURE_AUTORELEASING = YES;
				CLANG_WARN_BOOL_CONVERSION = YES;
				CLANG_WARN_COMMA = YES;
				CLANG_WARN_CONSTANT_CONVERSION = YES;
				CLANG_WARN_DEPRECATED_OBJC_IMPLEMENTATIONS = YES;
				CLANG_WARN_DIRECT_OBJC_ISA_USAGE = YES_ERROR;
				CLANG_WARN_DOCUMENTATION_COMMENTS = YES;
				CLANG_WARN_EMPTY_BODY = YES;
				CLANG_WARN_ENUM_CONVERSION = YES;
				CLANG_WARN_INFINITE_RECURSION = YES;
				CLANG_WARN_INT_CONVERSION = YES;
				CLANG_WARN_NON_LITERAL_NULL_CONVERSION = YES;
				CLANG_WARN_OBJC_IMPLICIT_RETAIN_SELF = YES;
				CLANG_WARN_OBJC_LITERAL_CONVERSION = YES;
				CLANG_WARN_OBJC_ROOT_CLASS = YES_ERROR;
				CLANG_WARN_RANGE_LOOP_ANALYSIS = YES;
				CLANG_WARN_STRICT_PROTOTYPES = YES;
				CLANG_WARN_SUSPICIOUS_MOVE = YES;
				CLANG_WARN_UNGUARDED_AVAILABILITY = YES_AGGRESSIVE;
				CLANG_WARN_UNREACHABLE_CODE = YES;
				CLANG_WARN__DUPLICATE_METHOD_MATCH = YES;
				COPY_PHASE_STRIP = NO;
				DEBUG_INFORMATION_FORMAT = "dwarf-with-dsym";
				ENABLE_NS_ASSERTIONS = NO;
				ENABLE_STRICT_OBJC_MSGSEND = YES;
				GCC_C_LANGUAGE_STANDARD = gnu11;
				GCC_NO_COMMON_BLOCKS = YES;
				GCC_WARN_64_TO_32_BIT_CONVERSION = YES;
				GCC_WARN_ABOUT_RETURN_TYPE = YES_ERROR;
				GCC_WARN_UNDECLARED_SELECTOR = YES;
				GCC_WARN_UNINITIALIZED_AUTOS = YES_AGGRESSIVE;
				GCC_WARN_UNUSED_FUNCTION = YES;
				GCC_WARN_UNUSED_VARIABLE = YES;
				IPHONEOS_DEPLOYMENT_TARGET = 13.2;
				MTL_ENABLE_DEBUG_INFO = NO;
				MTL_FAST_MATH = YES;
				SDKROOT = iphoneos;
				SWIFT_COMPILATION_MODE = wholemodule;
				SWIFT_OPTIMIZATION_LEVEL = "-O";
				VALIDATE_PRODUCT = YES;
			};
			name = Release;
		};
		D007B5CC24A9FFD100CE27AA /* Debug */ = {
			isa = XCBuildConfiguration;
			buildSettings = {
				ASSETCATALOG_COMPILER_APPICON_NAME = AppIcon;
				CODE_SIGN_STYLE = Automatic;
				DEVELOPMENT_TEAM = 8333M93278;
				INFOPLIST_FILE = WeatherSample/Other/Info.plist;
				LD_RUNPATH_SEARCH_PATHS = (
					"$(inherited)",
					"@executable_path/Frameworks",
				);
				PRODUCT_BUNDLE_IDENTIFIER = com.alexkrylov.WeatherSample;
				PRODUCT_NAME = "$(TARGET_NAME)";
				SWIFT_VERSION = 5.0;
				TARGETED_DEVICE_FAMILY = "1,2";
			};
			name = Debug;
		};
		D007B5CD24A9FFD100CE27AA /* Release */ = {
			isa = XCBuildConfiguration;
			buildSettings = {
				ASSETCATALOG_COMPILER_APPICON_NAME = AppIcon;
				CODE_SIGN_STYLE = Automatic;
				DEVELOPMENT_TEAM = 8333M93278;
				INFOPLIST_FILE = WeatherSample/Other/Info.plist;
				LD_RUNPATH_SEARCH_PATHS = (
					"$(inherited)",
					"@executable_path/Frameworks",
				);
				PRODUCT_BUNDLE_IDENTIFIER = com.alexkrylov.WeatherSample;
				PRODUCT_NAME = "$(TARGET_NAME)";
				SWIFT_VERSION = 5.0;
				TARGETED_DEVICE_FAMILY = "1,2";
			};
			name = Release;
		};
/* End XCBuildConfiguration section */

/* Begin XCConfigurationList section */
		D007B5B224A9FFCF00CE27AA /* Build configuration list for PBXProject "WeatherSample" */ = {
			isa = XCConfigurationList;
			buildConfigurations = (
				D007B5C924A9FFD100CE27AA /* Debug */,
				D007B5CA24A9FFD100CE27AA /* Release */,
			);
			defaultConfigurationIsVisible = 0;
			defaultConfigurationName = Release;
		};
		D007B5CB24A9FFD100CE27AA /* Build configuration list for PBXNativeTarget "WeatherSample" */ = {
			isa = XCConfigurationList;
			buildConfigurations = (
				D007B5CC24A9FFD100CE27AA /* Debug */,
				D007B5CD24A9FFD100CE27AA /* Release */,
			);
			defaultConfigurationIsVisible = 0;
			defaultConfigurationName = Release;
		};
/* End XCConfigurationList section */
	};
	rootObject = D007B5AF24A9FFCF00CE27AA /* Project object */;
}
