// !$*UTF8*$!
{
	archiveVersion = 1;
	classes = {
	};
	objectVersion = 50;
	objects = {

/* Begin PBXBuildFile section */
		D007B5BB24A9FFCF00CE27AA /* AppDelegate.swift in Sources */ = {isa = PBXBuildFile; fileRef = D007B5BA24A9FFCF00CE27AA /* AppDelegate.swift */; };
		D007B5BD24A9FFCF00CE27AA /* SceneDelegate.swift in Sources */ = {isa = PBXBuildFile; fileRef = D007B5BC24A9FFCF00CE27AA /* SceneDelegate.swift */; };
		D007B5C224A9FFCF00CE27AA /* Main.storyboard in Resources */ = {isa = PBXBuildFile; fileRef = D007B5C024A9FFCF00CE27AA /* Main.storyboard */; };
		D007B5C424A9FFD100CE27AA /* Assets.xcassets in Resources */ = {isa = PBXBuildFile; fileRef = D007B5C324A9FFD100CE27AA /* Assets.xcassets */; };
		D007B5C724A9FFD100CE27AA /* LaunchScreen.storyboard in Resources */ = {isa = PBXBuildFile; fileRef = D007B5C524A9FFD100CE27AA /* LaunchScreen.storyboard */; };
		D007B5D224AA06A300CE27AA /* LocationService.swift in Sources */ = {isa = PBXBuildFile; fileRef = D007B5D124AA06A300CE27AA /* LocationService.swift */; };
		D007B5DF24AA094800CE27AA /* ContainerViewController.swift in Sources */ = {isa = PBXBuildFile; fileRef = D007B5DE24AA094800CE27AA /* ContainerViewController.swift */; };
		D007B5E124AA0A6100CE27AA /* TopViewController.swift in Sources */ = {isa = PBXBuildFile; fileRef = D007B5E024AA0A6100CE27AA /* TopViewController.swift */; };
		D007B5E324ADD42000CE27AA /* HoursViewController.swift in Sources */ = {isa = PBXBuildFile; fileRef = D007B5E224ADD42000CE27AA /* HoursViewController.swift */; };
		D007B5E524ADD6CD00CE27AA /* DaysViewController.swift in Sources */ = {isa = PBXBuildFile; fileRef = D007B5E424ADD6CD00CE27AA /* DaysViewController.swift */; };
		D007B5E824ADD75500CE27AA /* TodayViewController.swift in Sources */ = {isa = PBXBuildFile; fileRef = D007B5E724ADD75500CE27AA /* TodayViewController.swift */; };
		D007B5EA24ADD82F00CE27AA /* InfoViewController.swift in Sources */ = {isa = PBXBuildFile; fileRef = D007B5E924ADD82F00CE27AA /* InfoViewController.swift */; };
		D007B5F024ADE37900CE27AA /* ContainerPresenter.swift in Sources */ = {isa = PBXBuildFile; fileRef = D007B5EF24ADE37900CE27AA /* ContainerPresenter.swift */; };
		D007B5F424ADE4EE00CE27AA /* ContainerProtocols.swift in Sources */ = {isa = PBXBuildFile; fileRef = D007B5F324ADE4EE00CE27AA /* ContainerProtocols.swift */; };
		D007B5F624ADE5FE00CE27AA /* Weather.swift in Sources */ = {isa = PBXBuildFile; fileRef = D007B5F524ADE5FE00CE27AA /* Weather.swift */; };
		D007B5FA24ADE87200CE27AA /* CoreLocation.framework in Frameworks */ = {isa = PBXBuildFile; fileRef = D007B5F924ADE87200CE27AA /* CoreLocation.framework */; };
		D007B5FC24ADFB4F00CE27AA /* WeatherService.swift in Sources */ = {isa = PBXBuildFile; fileRef = D007B5FB24ADFB4F00CE27AA /* WeatherService.swift */; };
		D007B5FE24AE0C4B00CE27AA /* Data+Content.swift in Sources */ = {isa = PBXBuildFile; fileRef = D007B5FD24AE0C4B00CE27AA /* Data+Content.swift */; };
		D007B60124AE265800CE27AA /* TopPresenter.swift in Sources */ = {isa = PBXBuildFile; fileRef = D007B60024AE265800CE27AA /* TopPresenter.swift */; };
		D007B60324AE26D000CE27AA /* TopProtocols.swift in Sources */ = {isa = PBXBuildFile; fileRef = D007B60224AE26D000CE27AA /* TopProtocols.swift */; };
		D007B60524AE26E200CE27AA /* TopModel.swift in Sources */ = {isa = PBXBuildFile; fileRef = D007B60424AE26E200CE27AA /* TopModel.swift */; };
		D007B62924AF5F0600CE27AA /* Configurator.swift in Sources */ = {isa = PBXBuildFile; fileRef = D007B62824AF5F0600CE27AA /* Configurator.swift */; };
		D007B62B24AF707200CE27AA /* DateFormatter+Day.swift in Sources */ = {isa = PBXBuildFile; fileRef = D007B62A24AF707200CE27AA /* DateFormatter+Day.swift */; };
		D007B62D24AF73C600CE27AA /* Date+DayTime.swift in Sources */ = {isa = PBXBuildFile; fileRef = D007B62C24AF73C600CE27AA /* Date+DayTime.swift */; };
		D007B63024B218AD00CE27AA /* HoursProtocols.swift in Sources */ = {isa = PBXBuildFile; fileRef = D007B62F24B218AD00CE27AA /* HoursProtocols.swift */; };
		D007B63224B218DA00CE27AA /* HoursModel.swift in Sources */ = {isa = PBXBuildFile; fileRef = D007B63124B218DA00CE27AA /* HoursModel.swift */; };
		D007B63424B2193400CE27AA /* HoursPresenter.swift in Sources */ = {isa = PBXBuildFile; fileRef = D007B63324B2193400CE27AA /* HoursPresenter.swift */; };
		D007B63824B2239400CE27AA /* HourCell.swift in Sources */ = {isa = PBXBuildFile; fileRef = D007B63624B2239400CE27AA /* HourCell.swift */; };
		D007B63924B2239400CE27AA /* HourCell.xib in Resources */ = {isa = PBXBuildFile; fileRef = D007B63724B2239400CE27AA /* HourCell.xib */; };
		D007B63B24B36E1700CE27AA /* Int+.swift in Sources */ = {isa = PBXBuildFile; fileRef = D007B63A24B36E1600CE27AA /* Int+.swift */; };
		D007B63D24B474DB00CE27AA /* HourCellModel.swift in Sources */ = {isa = PBXBuildFile; fileRef = D007B63C24B474DB00CE27AA /* HourCellModel.swift */; };
		D007B63F24B4754600CE27AA /* HourCellPresenter.swift in Sources */ = {isa = PBXBuildFile; fileRef = D007B63E24B4754600CE27AA /* HourCellPresenter.swift */; };
		D007B64124B4755900CE27AA /* HourCellProtocols.swift in Sources */ = {isa = PBXBuildFile; fileRef = D007B64024B4755900CE27AA /* HourCellProtocols.swift */; };
		D007B64424B4814200CE27AA /* DaysProtocols.swift in Sources */ = {isa = PBXBuildFile; fileRef = D007B64324B4814200CE27AA /* DaysProtocols.swift */; };
		D007B64624B4814F00CE27AA /* DaysModel.swift in Sources */ = {isa = PBXBuildFile; fileRef = D007B64524B4814F00CE27AA /* DaysModel.swift */; };
		D007B64824B4815900CE27AA /* DaysPresenter.swift in Sources */ = {isa = PBXBuildFile; fileRef = D007B64724B4815900CE27AA /* DaysPresenter.swift */; };
		D007B64E24B49B8900CE27AA /* DayCell.swift in Sources */ = {isa = PBXBuildFile; fileRef = D007B64C24B49B8900CE27AA /* DayCell.swift */; };
		D007B64F24B49B8900CE27AA /* DayCell.xib in Resources */ = {isa = PBXBuildFile; fileRef = D007B64D24B49B8900CE27AA /* DayCell.xib */; };
		D007B65124B49BA000CE27AA /* DayCellProtocols.swift in Sources */ = {isa = PBXBuildFile; fileRef = D007B65024B49BA000CE27AA /* DayCellProtocols.swift */; };
		D007B65324B49BAE00CE27AA /* DayCellModel.swift in Sources */ = {isa = PBXBuildFile; fileRef = D007B65224B49BAE00CE27AA /* DayCellModel.swift */; };
		D007B65524B49BC100CE27AA /* DayCellPresenter.swift in Sources */ = {isa = PBXBuildFile; fileRef = D007B65424B49BC100CE27AA /* DayCellPresenter.swift */; };
		D007B65724B4A83000CE27AA /* UIImage+Icon.swift in Sources */ = {isa = PBXBuildFile; fileRef = D007B65624B4A83000CE27AA /* UIImage+Icon.swift */; };
		D007B65A24B4ACF200CE27AA /* TodayProtocols.swift in Sources */ = {isa = PBXBuildFile; fileRef = D007B65924B4ACF200CE27AA /* TodayProtocols.swift */; };
		D007B65C24B4AD3500CE27AA /* TodayModel.swift in Sources */ = {isa = PBXBuildFile; fileRef = D007B65B24B4AD3500CE27AA /* TodayModel.swift */; };
		D007B65E24B4AD4100CE27AA /* TodayPresenter.swift in Sources */ = {isa = PBXBuildFile; fileRef = D007B65D24B4AD4100CE27AA /* TodayPresenter.swift */; };
		D007B66124B5ED0400CE27AA /* InfoProtocols.swift in Sources */ = {isa = PBXBuildFile; fileRef = D007B66024B5ED0400CE27AA /* InfoProtocols.swift */; };
		D007B66324B5ED1000CE27AA /* InfoModel.swift in Sources */ = {isa = PBXBuildFile; fileRef = D007B66224B5ED1000CE27AA /* InfoModel.swift */; };
		D007B66524B5ED1A00CE27AA /* InfoPresenter.swift in Sources */ = {isa = PBXBuildFile; fileRef = D007B66424B5ED1A00CE27AA /* InfoPresenter.swift */; };
		D007B66824B5FF9100CE27AA /* InfoCellProtocols.swift in Sources */ = {isa = PBXBuildFile; fileRef = D007B66724B5FF9100CE27AA /* InfoCellProtocols.swift */; };
		D007B66A24B5FF9D00CE27AA /* InfoCellModel.swift in Sources */ = {isa = PBXBuildFile; fileRef = D007B66924B5FF9D00CE27AA /* InfoCellModel.swift */; };
		D007B66C24B5FFAB00CE27AA /* InfoCellPresenter.swift in Sources */ = {isa = PBXBuildFile; fileRef = D007B66B24B5FFAB00CE27AA /* InfoCellPresenter.swift */; };
		D007B66F24B5FFB800CE27AA /* InfoCell.swift in Sources */ = {isa = PBXBuildFile; fileRef = D007B66D24B5FFB800CE27AA /* InfoCell.swift */; };
		D007B67024B5FFB800CE27AA /* InfoCell.xib in Resources */ = {isa = PBXBuildFile; fileRef = D007B66E24B5FFB800CE27AA /* InfoCell.xib */; };
		D007B67224B73F8A00CE27AA /* CustomToolbar.swift in Sources */ = {isa = PBXBuildFile; fileRef = D007B67124B73F8A00CE27AA /* CustomToolbar.swift */; };
		D007B67424B88AD500CE27AA /* WebKit.framework in Frameworks */ = {isa = PBXBuildFile; fileRef = D007B67324B88AD500CE27AA /* WebKit.framework */; };
		D007B67D24B89C8F00CE27AA /* GithubViewController.swift in Sources */ = {isa = PBXBuildFile; fileRef = D007B67C24B89C8F00CE27AA /* GithubViewController.swift */; };
		D007B67F24B8A95A00CE27AA /* GithubPresenter.swift in Sources */ = {isa = PBXBuildFile; fileRef = D007B67E24B8A95A00CE27AA /* GithubPresenter.swift */; };
		D007B68124B8AB4800CE27AA /* API.swift in Sources */ = {isa = PBXBuildFile; fileRef = D007B68024B8AB4800CE27AA /* API.swift */; };
		D007B68424B8ACE600CE27AA /* GithubProtocols.swift in Sources */ = {isa = PBXBuildFile; fileRef = D007B68324B8ACE600CE27AA /* GithubProtocols.swift */; };
		D007B68924BC679700CE27AA /* ContainerCell.swift in Sources */ = {isa = PBXBuildFile; fileRef = D007B68824BC679700CE27AA /* ContainerCell.swift */; };
		D007B68B24BC6A9900CE27AA /* UIStoryboard+.swift in Sources */ = {isa = PBXBuildFile; fileRef = D007B68A24BC6A9900CE27AA /* UIStoryboard+.swift */; };
/* End PBXBuildFile section */

/* Begin PBXFileReference section */
		D007B5B724A9FFCF00CE27AA /* WeatherSample.app */ = {isa = PBXFileReference; explicitFileType = wrapper.application; includeInIndex = 0; path = WeatherSample.app; sourceTree = BUILT_PRODUCTS_DIR; };
		D007B5BA24A9FFCF00CE27AA /* AppDelegate.swift */ = {isa = PBXFileReference; lastKnownFileType = sourcecode.swift; path = AppDelegate.swift; sourceTree = "<group>"; };
		D007B5BC24A9FFCF00CE27AA /* SceneDelegate.swift */ = {isa = PBXFileReference; lastKnownFileType = sourcecode.swift; path = SceneDelegate.swift; sourceTree = "<group>"; };
		D007B5C124A9FFCF00CE27AA /* Base */ = {isa = PBXFileReference; lastKnownFileType = file.storyboard; name = Base; path = Base.lproj/Main.storyboard; sourceTree = "<group>"; };
		D007B5C324A9FFD100CE27AA /* Assets.xcassets */ = {isa = PBXFileReference; lastKnownFileType = folder.assetcatalog; path = Assets.xcassets; sourceTree = "<group>"; };
		D007B5C624A9FFD100CE27AA /* Base */ = {isa = PBXFileReference; lastKnownFileType = file.storyboard; name = Base; path = Base.lproj/LaunchScreen.storyboard; sourceTree = "<group>"; };
		D007B5C824A9FFD100CE27AA /* Info.plist */ = {isa = PBXFileReference; lastKnownFileType = text.plist.xml; path = Info.plist; sourceTree = "<group>"; };
		D007B5D124AA06A300CE27AA /* LocationService.swift */ = {isa = PBXFileReference; lastKnownFileType = sourcecode.swift; path = LocationService.swift; sourceTree = "<group>"; };
		D007B5DE24AA094800CE27AA /* ContainerViewController.swift */ = {isa = PBXFileReference; lastKnownFileType = sourcecode.swift; path = ContainerViewController.swift; sourceTree = "<group>"; };
		D007B5E024AA0A6100CE27AA /* TopViewController.swift */ = {isa = PBXFileReference; lastKnownFileType = sourcecode.swift; path = TopViewController.swift; sourceTree = "<group>"; };
		D007B5E224ADD42000CE27AA /* HoursViewController.swift */ = {isa = PBXFileReference; lastKnownFileType = sourcecode.swift; path = HoursViewController.swift; sourceTree = "<group>"; };
		D007B5E424ADD6CD00CE27AA /* DaysViewController.swift */ = {isa = PBXFileReference; lastKnownFileType = sourcecode.swift; path = DaysViewController.swift; sourceTree = "<group>"; };
		D007B5E724ADD75500CE27AA /* TodayViewController.swift */ = {isa = PBXFileReference; lastKnownFileType = sourcecode.swift; path = TodayViewController.swift; sourceTree = "<group>"; };
		D007B5E924ADD82F00CE27AA /* InfoViewController.swift */ = {isa = PBXFileReference; lastKnownFileType = sourcecode.swift; path = InfoViewController.swift; sourceTree = "<group>"; };
		D007B5EF24ADE37900CE27AA /* ContainerPresenter.swift */ = {isa = PBXFileReference; lastKnownFileType = sourcecode.swift; path = ContainerPresenter.swift; sourceTree = "<group>"; };
		D007B5F324ADE4EE00CE27AA /* ContainerProtocols.swift */ = {isa = PBXFileReference; lastKnownFileType = sourcecode.swift; path = ContainerProtocols.swift; sourceTree = "<group>"; };
		D007B5F524ADE5FE00CE27AA /* Weather.swift */ = {isa = PBXFileReference; lastKnownFileType = sourcecode.swift; path = Weather.swift; sourceTree = "<group>"; };
		D007B5F924ADE87200CE27AA /* CoreLocation.framework */ = {isa = PBXFileReference; lastKnownFileType = wrapper.framework; name = CoreLocation.framework; path = System/Library/Frameworks/CoreLocation.framework; sourceTree = SDKROOT; };
		D007B5FB24ADFB4F00CE27AA /* WeatherService.swift */ = {isa = PBXFileReference; lastKnownFileType = sourcecode.swift; path = WeatherService.swift; sourceTree = "<group>"; };
		D007B5FD24AE0C4B00CE27AA /* Data+Content.swift */ = {isa = PBXFileReference; lastKnownFileType = sourcecode.swift; path = "Data+Content.swift"; sourceTree = "<group>"; };
		D007B60024AE265800CE27AA /* TopPresenter.swift */ = {isa = PBXFileReference; lastKnownFileType = sourcecode.swift; path = TopPresenter.swift; sourceTree = "<group>"; };
		D007B60224AE26D000CE27AA /* TopProtocols.swift */ = {isa = PBXFileReference; lastKnownFileType = sourcecode.swift; path = TopProtocols.swift; sourceTree = "<group>"; };
		D007B60424AE26E200CE27AA /* TopModel.swift */ = {isa = PBXFileReference; lastKnownFileType = sourcecode.swift; path = TopModel.swift; sourceTree = "<group>"; };
		D007B62824AF5F0600CE27AA /* Configurator.swift */ = {isa = PBXFileReference; lastKnownFileType = sourcecode.swift; path = Configurator.swift; sourceTree = "<group>"; };
		D007B62A24AF707200CE27AA /* DateFormatter+Day.swift */ = {isa = PBXFileReference; lastKnownFileType = sourcecode.swift; path = "DateFormatter+Day.swift"; sourceTree = "<group>"; };
		D007B62C24AF73C600CE27AA /* Date+DayTime.swift */ = {isa = PBXFileReference; lastKnownFileType = sourcecode.swift; path = "Date+DayTime.swift"; sourceTree = "<group>"; };
		D007B62F24B218AD00CE27AA /* HoursProtocols.swift */ = {isa = PBXFileReference; lastKnownFileType = sourcecode.swift; path = HoursProtocols.swift; sourceTree = "<group>"; };
		D007B63124B218DA00CE27AA /* HoursModel.swift */ = {isa = PBXFileReference; lastKnownFileType = sourcecode.swift; path = HoursModel.swift; sourceTree = "<group>"; };
		D007B63324B2193400CE27AA /* HoursPresenter.swift */ = {isa = PBXFileReference; lastKnownFileType = sourcecode.swift; path = HoursPresenter.swift; sourceTree = "<group>"; };
		D007B63624B2239400CE27AA /* HourCell.swift */ = {isa = PBXFileReference; lastKnownFileType = sourcecode.swift; path = HourCell.swift; sourceTree = "<group>"; };
		D007B63724B2239400CE27AA /* HourCell.xib */ = {isa = PBXFileReference; lastKnownFileType = file.xib; path = HourCell.xib; sourceTree = "<group>"; };
		D007B63A24B36E1600CE27AA /* Int+.swift */ = {isa = PBXFileReference; lastKnownFileType = sourcecode.swift; path = "Int+.swift"; sourceTree = "<group>"; };
		D007B63C24B474DB00CE27AA /* HourCellModel.swift */ = {isa = PBXFileReference; lastKnownFileType = sourcecode.swift; path = HourCellModel.swift; sourceTree = "<group>"; };
		D007B63E24B4754600CE27AA /* HourCellPresenter.swift */ = {isa = PBXFileReference; lastKnownFileType = sourcecode.swift; path = HourCellPresenter.swift; sourceTree = "<group>"; };
		D007B64024B4755900CE27AA /* HourCellProtocols.swift */ = {isa = PBXFileReference; lastKnownFileType = sourcecode.swift; path = HourCellProtocols.swift; sourceTree = "<group>"; };
		D007B64324B4814200CE27AA /* DaysProtocols.swift */ = {isa = PBXFileReference; lastKnownFileType = sourcecode.swift; path = DaysProtocols.swift; sourceTree = "<group>"; };
		D007B64524B4814F00CE27AA /* DaysModel.swift */ = {isa = PBXFileReference; lastKnownFileType = sourcecode.swift; path = DaysModel.swift; sourceTree = "<group>"; };
		D007B64724B4815900CE27AA /* DaysPresenter.swift */ = {isa = PBXFileReference; lastKnownFileType = sourcecode.swift; path = DaysPresenter.swift; sourceTree = "<group>"; };
		D007B64C24B49B8900CE27AA /* DayCell.swift */ = {isa = PBXFileReference; lastKnownFileType = sourcecode.swift; path = DayCell.swift; sourceTree = "<group>"; };
		D007B64D24B49B8900CE27AA /* DayCell.xib */ = {isa = PBXFileReference; lastKnownFileType = file.xib; path = DayCell.xib; sourceTree = "<group>"; };
		D007B65024B49BA000CE27AA /* DayCellProtocols.swift */ = {isa = PBXFileReference; lastKnownFileType = sourcecode.swift; path = DayCellProtocols.swift; sourceTree = "<group>"; };
		D007B65224B49BAE00CE27AA /* DayCellModel.swift */ = {isa = PBXFileReference; lastKnownFileType = sourcecode.swift; path = DayCellModel.swift; sourceTree = "<group>"; };
		D007B65424B49BC100CE27AA /* DayCellPresenter.swift */ = {isa = PBXFileReference; lastKnownFileType = sourcecode.swift; path = DayCellPresenter.swift; sourceTree = "<group>"; };
		D007B65624B4A83000CE27AA /* UIImage+Icon.swift */ = {isa = PBXFileReference; lastKnownFileType = sourcecode.swift; path = "UIImage+Icon.swift"; sourceTree = "<group>"; };
		D007B65924B4ACF200CE27AA /* TodayProtocols.swift */ = {isa = PBXFileReference; lastKnownFileType = sourcecode.swift; path = TodayProtocols.swift; sourceTree = "<group>"; };
		D007B65B24B4AD3500CE27AA /* TodayModel.swift */ = {isa = PBXFileReference; lastKnownFileType = sourcecode.swift; path = TodayModel.swift; sourceTree = "<group>"; };
		D007B65D24B4AD4100CE27AA /* TodayPresenter.swift */ = {isa = PBXFileReference; lastKnownFileType = sourcecode.swift; path = TodayPresenter.swift; sourceTree = "<group>"; };
		D007B66024B5ED0400CE27AA /* InfoProtocols.swift */ = {isa = PBXFileReference; lastKnownFileType = sourcecode.swift; path = InfoProtocols.swift; sourceTree = "<group>"; };
		D007B66224B5ED1000CE27AA /* InfoModel.swift */ = {isa = PBXFileReference; lastKnownFileType = sourcecode.swift; path = InfoModel.swift; sourceTree = "<group>"; };
		D007B66424B5ED1A00CE27AA /* InfoPresenter.swift */ = {isa = PBXFileReference; lastKnownFileType = sourcecode.swift; path = InfoPresenter.swift; sourceTree = "<group>"; };
		D007B66724B5FF9100CE27AA /* InfoCellProtocols.swift */ = {isa = PBXFileReference; lastKnownFileType = sourcecode.swift; path = InfoCellProtocols.swift; sourceTree = "<group>"; };
		D007B66924B5FF9D00CE27AA /* InfoCellModel.swift */ = {isa = PBXFileReference; lastKnownFileType = sourcecode.swift; path = InfoCellModel.swift; sourceTree = "<group>"; };
		D007B66B24B5FFAB00CE27AA /* InfoCellPresenter.swift */ = {isa = PBXFileReference; lastKnownFileType = sourcecode.swift; path = InfoCellPresenter.swift; sourceTree = "<group>"; };
		D007B66D24B5FFB800CE27AA /* InfoCell.swift */ = {isa = PBXFileReference; lastKnownFileType = sourcecode.swift; path = InfoCell.swift; sourceTree = "<group>"; };
		D007B66E24B5FFB800CE27AA /* InfoCell.xib */ = {isa = PBXFileReference; lastKnownFileType = file.xib; path = InfoCell.xib; sourceTree = "<group>"; };
		D007B67124B73F8A00CE27AA /* CustomToolbar.swift */ = {isa = PBXFileReference; lastKnownFileType = sourcecode.swift; path = CustomToolbar.swift; sourceTree = "<group>"; };
		D007B67324B88AD500CE27AA /* WebKit.framework */ = {isa = PBXFileReference; lastKnownFileType = wrapper.framework; name = WebKit.framework; path = System/Library/Frameworks/WebKit.framework; sourceTree = SDKROOT; };
		D007B67C24B89C8F00CE27AA /* GithubViewController.swift */ = {isa = PBXFileReference; lastKnownFileType = sourcecode.swift; path = GithubViewController.swift; sourceTree = "<group>"; };
		D007B67E24B8A95A00CE27AA /* GithubPresenter.swift */ = {isa = PBXFileReference; lastKnownFileType = sourcecode.swift; path = GithubPresenter.swift; sourceTree = "<group>"; };
		D007B68024B8AB4800CE27AA /* API.swift */ = {isa = PBXFileReference; lastKnownFileType = sourcecode.swift; path = API.swift; sourceTree = "<group>"; };
		D007B68324B8ACE600CE27AA /* GithubProtocols.swift */ = {isa = PBXFileReference; lastKnownFileType = sourcecode.swift; path = GithubProtocols.swift; sourceTree = "<group>"; };
		D007B68824BC679700CE27AA /* ContainerCell.swift */ = {isa = PBXFileReference; lastKnownFileType = sourcecode.swift; path = ContainerCell.swift; sourceTree = "<group>"; };
		D007B68A24BC6A9900CE27AA /* UIStoryboard+.swift */ = {isa = PBXFileReference; lastKnownFileType = sourcecode.swift; path = "UIStoryboard+.swift"; sourceTree = "<group>"; };
/* End PBXFileReference section */

/* Begin PBXFrameworksBuildPhase section */
		D007B5B424A9FFCF00CE27AA /* Frameworks */ = {
			isa = PBXFrameworksBuildPhase;
			buildActionMask = 2147483647;
			files = (
				D007B67424B88AD500CE27AA /* WebKit.framework in Frameworks */,
				D007B5FA24ADE87200CE27AA /* CoreLocation.framework in Frameworks */,
			);
			runOnlyForDeploymentPostprocessing = 0;
		};
/* End PBXFrameworksBuildPhase section */

/* Begin PBXGroup section */
		D007B5AE24A9FFCF00CE27AA = {
			isa = PBXGroup;
			children = (
				D007B5B924A9FFCF00CE27AA /* WeatherSample */,
				D007B5B824A9FFCF00CE27AA /* Products */,
				D007B5F824ADE87200CE27AA /* Frameworks */,
			);
			sourceTree = "<group>";
		};
		D007B5B824A9FFCF00CE27AA /* Products */ = {
			isa = PBXGroup;
			children = (
				D007B5B724A9FFCF00CE27AA /* WeatherSample.app */,
			);
			name = Products;
			sourceTree = "<group>";
		};
		D007B5B924A9FFCF00CE27AA /* WeatherSample */ = {
			isa = PBXGroup;
			children = (
				D007B62824AF5F0600CE27AA /* Configurator.swift */,
				D007B5D024AA069100CE27AA /* Services */,
				D007B5D424AA06CD00CE27AA /* Extensions */,
				D007B5F724ADE74100CE27AA /* Container */,
				D007B5FF24AE263D00CE27AA /* Top */,
				D007B62E24B2187200CE27AA /* Hours */,
				D007B64224B4812400CE27AA /* Days */,
				D007B65824B4ACD700CE27AA /* Today */,
				D007B65F24B5E02800CE27AA /* Info */,
				D007B68224B8ABDA00CE27AA /* Github */,
				D007B5D824AA074B00CE27AA /* Views */,
				D007B5D724AA071500CE27AA /* Other */,
			);
			path = WeatherSample;
			sourceTree = "<group>";
		};
		D007B5D024AA069100CE27AA /* Services */ = {
			isa = PBXGroup;
			children = (
				D007B68024B8AB4800CE27AA /* API.swift */,
				D007B5D124AA06A300CE27AA /* LocationService.swift */,
				D007B5FB24ADFB4F00CE27AA /* WeatherService.swift */,
			);
			path = Services;
			sourceTree = "<group>";
		};
		D007B5D424AA06CD00CE27AA /* Extensions */ = {
			isa = PBXGroup;
			children = (
				D007B5FD24AE0C4B00CE27AA /* Data+Content.swift */,
				D007B62A24AF707200CE27AA /* DateFormatter+Day.swift */,
				D007B62C24AF73C600CE27AA /* Date+DayTime.swift */,
				D007B63A24B36E1600CE27AA /* Int+.swift */,
				D007B65624B4A83000CE27AA /* UIImage+Icon.swift */,
				D007B68A24BC6A9900CE27AA /* UIStoryboard+.swift */,
			);
			path = Extensions;
			sourceTree = "<group>";
		};
		D007B5D724AA071500CE27AA /* Other */ = {
			isa = PBXGroup;
			children = (
				D007B5BA24A9FFCF00CE27AA /* AppDelegate.swift */,
				D007B5BC24A9FFCF00CE27AA /* SceneDelegate.swift */,
				D007B5C324A9FFD100CE27AA /* Assets.xcassets */,
				D007B5C824A9FFD100CE27AA /* Info.plist */,
			);
			path = Other;
			sourceTree = "<group>";
		};
		D007B5D824AA074B00CE27AA /* Views */ = {
			isa = PBXGroup;
			children = (
				D007B5C024A9FFCF00CE27AA /* Main.storyboard */,
				D007B5C524A9FFD100CE27AA /* LaunchScreen.storyboard */,
				D007B67124B73F8A00CE27AA /* CustomToolbar.swift */,
			);
			path = Views;
			sourceTree = "<group>";
		};
		D007B5F724ADE74100CE27AA /* Container */ = {
			isa = PBXGroup;
			children = (
				D007B5F324ADE4EE00CE27AA /* ContainerProtocols.swift */,
				D007B5F524ADE5FE00CE27AA /* Weather.swift */,
				D007B5EF24ADE37900CE27AA /* ContainerPresenter.swift */,
				D007B5DE24AA094800CE27AA /* ContainerViewController.swift */,
				D007B68524BC66BF00CE27AA /* Cell */,
			);
			path = Container;
			sourceTree = "<group>";
		};
		D007B5F824ADE87200CE27AA /* Frameworks */ = {
			isa = PBXGroup;
			children = (
				D007B67324B88AD500CE27AA /* WebKit.framework */,
				D007B5F924ADE87200CE27AA /* CoreLocation.framework */,
			);
			name = Frameworks;
			sourceTree = "<group>";
		};
		D007B5FF24AE263D00CE27AA /* Top */ = {
			isa = PBXGroup;
			children = (
				D007B60224AE26D000CE27AA /* TopProtocols.swift */,
				D007B60424AE26E200CE27AA /* TopModel.swift */,
				D007B60024AE265800CE27AA /* TopPresenter.swift */,
				D007B5E024AA0A6100CE27AA /* TopViewController.swift */,
			);
			path = Top;
			sourceTree = "<group>";
		};
		D007B62E24B2187200CE27AA /* Hours */ = {
			isa = PBXGroup;
			children = (
				D007B62F24B218AD00CE27AA /* HoursProtocols.swift */,
				D007B63124B218DA00CE27AA /* HoursModel.swift */,
				D007B63324B2193400CE27AA /* HoursPresenter.swift */,
				D007B5E224ADD42000CE27AA /* HoursViewController.swift */,
				D007B63524B2236300CE27AA /* Cell */,
			);
			path = Hours;
			sourceTree = "<group>";
		};
		D007B63524B2236300CE27AA /* Cell */ = {
			isa = PBXGroup;
			children = (
				D007B64024B4755900CE27AA /* HourCellProtocols.swift */,
				D007B63C24B474DB00CE27AA /* HourCellModel.swift */,
				D007B63E24B4754600CE27AA /* HourCellPresenter.swift */,
				D007B63624B2239400CE27AA /* HourCell.swift */,
				D007B63724B2239400CE27AA /* HourCell.xib */,
			);
			path = Cell;
			sourceTree = "<group>";
		};
		D007B64224B4812400CE27AA /* Days */ = {
			isa = PBXGroup;
			children = (
				D007B64324B4814200CE27AA /* DaysProtocols.swift */,
				D007B64524B4814F00CE27AA /* DaysModel.swift */,
				D007B64724B4815900CE27AA /* DaysPresenter.swift */,
				D007B5E424ADD6CD00CE27AA /* DaysViewController.swift */,
				D007B64924B49B5B00CE27AA /* Cell */,
			);
			path = Days;
			sourceTree = "<group>";
		};
		D007B64924B49B5B00CE27AA /* Cell */ = {
			isa = PBXGroup;
			children = (
				D007B65024B49BA000CE27AA /* DayCellProtocols.swift */,
				D007B65224B49BAE00CE27AA /* DayCellModel.swift */,
				D007B65424B49BC100CE27AA /* DayCellPresenter.swift */,
				D007B64C24B49B8900CE27AA /* DayCell.swift */,
				D007B64D24B49B8900CE27AA /* DayCell.xib */,
			);
			path = Cell;
			sourceTree = "<group>";
		};
		D007B65824B4ACD700CE27AA /* Today */ = {
			isa = PBXGroup;
			children = (
				D007B65924B4ACF200CE27AA /* TodayProtocols.swift */,
				D007B65B24B4AD3500CE27AA /* TodayModel.swift */,
				D007B65D24B4AD4100CE27AA /* TodayPresenter.swift */,
				D007B5E724ADD75500CE27AA /* TodayViewController.swift */,
			);
			path = Today;
			sourceTree = "<group>";
		};
		D007B65F24B5E02800CE27AA /* Info */ = {
			isa = PBXGroup;
			children = (
				D007B66024B5ED0400CE27AA /* InfoProtocols.swift */,
				D007B66224B5ED1000CE27AA /* InfoModel.swift */,
				D007B66424B5ED1A00CE27AA /* InfoPresenter.swift */,
				D007B5E924ADD82F00CE27AA /* InfoViewController.swift */,
				D007B66624B5FF8100CE27AA /* Cell */,
			);
			path = Info;
			sourceTree = "<group>";
		};
		D007B66624B5FF8100CE27AA /* Cell */ = {
			isa = PBXGroup;
			children = (
				D007B66724B5FF9100CE27AA /* InfoCellProtocols.swift */,
				D007B66924B5FF9D00CE27AA /* InfoCellModel.swift */,
				D007B66B24B5FFAB00CE27AA /* InfoCellPresenter.swift */,
				D007B66D24B5FFB800CE27AA /* InfoCell.swift */,
				D007B66E24B5FFB800CE27AA /* InfoCell.xib */,
			);
			path = Cell;
			sourceTree = "<group>";
		};
		D007B68224B8ABDA00CE27AA /* Github */ = {
			isa = PBXGroup;
			children = (
				D007B68324B8ACE600CE27AA /* GithubProtocols.swift */,
				D007B67E24B8A95A00CE27AA /* GithubPresenter.swift */,
				D007B67C24B89C8F00CE27AA /* GithubViewController.swift */,
			);
			path = Github;
			sourceTree = "<group>";
		};
		D007B68524BC66BF00CE27AA /* Cell */ = {
			isa = PBXGroup;
			children = (
				D007B68824BC679700CE27AA /* ContainerCell.swift */,
			);
			path = Cell;
			sourceTree = "<group>";
		};
/* End PBXGroup section */

/* Begin PBXNativeTarget section */
		D007B5B624A9FFCF00CE27AA /* WeatherSample */ = {
			isa = PBXNativeTarget;
			buildConfigurationList = D007B5CB24A9FFD100CE27AA /* Build configuration list for PBXNativeTarget "WeatherSample" */;
			buildPhases = (
				D007B5B324A9FFCF00CE27AA /* Sources */,
				D007B5B424A9FFCF00CE27AA /* Frameworks */,
				D007B5B524A9FFCF00CE27AA /* Resources */,
			);
			buildRules = (
			);
			dependencies = (
			);
			name = WeatherSample;
			productName = WeatherSample;
			productReference = D007B5B724A9FFCF00CE27AA /* WeatherSample.app */;
			productType = "com.apple.product-type.application";
		};
/* End PBXNativeTarget section */

/* Begin PBXProject section */
		D007B5AF24A9FFCF00CE27AA /* Project object */ = {
			isa = PBXProject;
			attributes = {
				LastSwiftUpdateCheck = 1130;
				LastUpgradeCheck = 1130;
				ORGANIZATIONNAME = "Alexander Krylov";
				TargetAttributes = {
					D007B5B624A9FFCF00CE27AA = {
						CreatedOnToolsVersion = 11.3.1;
					};
				};
			};
			buildConfigurationList = D007B5B224A9FFCF00CE27AA /* Build configuration list for PBXProject "WeatherSample" */;
			compatibilityVersion = "Xcode 9.3";
			developmentRegion = en;
			hasScannedForEncodings = 0;
			knownRegions = (
				en,
				Base,
			);
			mainGroup = D007B5AE24A9FFCF00CE27AA;
			productRefGroup = D007B5B824A9FFCF00CE27AA /* Products */;
			projectDirPath = "";
			projectRoot = "";
			targets = (
				D007B5B624A9FFCF00CE27AA /* WeatherSample */,
			);
		};
/* End PBXProject section */

/* Begin PBXResourcesBuildPhase section */
		D007B5B524A9FFCF00CE27AA /* Resources */ = {
			isa = PBXResourcesBuildPhase;
			buildActionMask = 2147483647;
			files = (
				D007B5C724A9FFD100CE27AA /* LaunchScreen.storyboard in Resources */,
				D007B67024B5FFB800CE27AA /* InfoCell.xib in Resources */,
				D007B5C424A9FFD100CE27AA /* Assets.xcassets in Resources */,
				D007B5C224A9FFCF00CE27AA /* Main.storyboard in Resources */,
				D007B64F24B49B8900CE27AA /* DayCell.xib in Resources */,
				D007B63924B2239400CE27AA /* HourCell.xib in Resources */,
			);
			runOnlyForDeploymentPostprocessing = 0;
		};
/* End PBXResourcesBuildPhase section */

/* Begin PBXSourcesBuildPhase section */
		D007B5B324A9FFCF00CE27AA /* Sources */ = {
			isa = PBXSourcesBuildPhase;
			buildActionMask = 2147483647;
			files = (
				D007B68B24BC6A9900CE27AA /* UIStoryboard+.swift in Sources */,
				D007B63424B2193400CE27AA /* HoursPresenter.swift in Sources */,
				D007B5E324ADD42000CE27AA /* HoursViewController.swift in Sources */,
				D007B60524AE26E200CE27AA /* TopModel.swift in Sources */,
				D007B5BB24A9FFCF00CE27AA /* AppDelegate.swift in Sources */,
				D007B5E524ADD6CD00CE27AA /* DaysViewController.swift in Sources */,
				D007B64624B4814F00CE27AA /* DaysModel.swift in Sources */,
				D007B5D224AA06A300CE27AA /* LocationService.swift in Sources */,
				D007B64424B4814200CE27AA /* DaysProtocols.swift in Sources */,
				D007B65E24B4AD4100CE27AA /* TodayPresenter.swift in Sources */,
				D007B68424B8ACE600CE27AA /* GithubProtocols.swift in Sources */,
				D007B62B24AF707200CE27AA /* DateFormatter+Day.swift in Sources */,
				D007B63D24B474DB00CE27AA /* HourCellModel.swift in Sources */,
				D007B66324B5ED1000CE27AA /* InfoModel.swift in Sources */,
				D007B64E24B49B8900CE27AA /* DayCell.swift in Sources */,
				D007B63F24B4754600CE27AA /* HourCellPresenter.swift in Sources */,
				D007B5EA24ADD82F00CE27AA /* InfoViewController.swift in Sources */,
				D007B62924AF5F0600CE27AA /* Configurator.swift in Sources */,
				D007B65324B49BAE00CE27AA /* DayCellModel.swift in Sources */,
				D007B5E824ADD75500CE27AA /* TodayViewController.swift in Sources */,
				D007B5FC24ADFB4F00CE27AA /* WeatherService.swift in Sources */,
				D007B66824B5FF9100CE27AA /* InfoCellProtocols.swift in Sources */,
				D007B63224B218DA00CE27AA /* HoursModel.swift in Sources */,
				D007B68924BC679700CE27AA /* ContainerCell.swift in Sources */,
				D007B67F24B8A95A00CE27AA /* GithubPresenter.swift in Sources */,
				D007B60324AE26D000CE27AA /* TopProtocols.swift in Sources */,
				D007B64124B4755900CE27AA /* HourCellProtocols.swift in Sources */,
				D007B5DF24AA094800CE27AA /* ContainerViewController.swift in Sources */,
				D007B60124AE265800CE27AA /* TopPresenter.swift in Sources */,
				D007B63824B2239400CE27AA /* HourCell.swift in Sources */,
				D007B63024B218AD00CE27AA /* HoursProtocols.swift in Sources */,
				D007B66F24B5FFB800CE27AA /* InfoCell.swift in Sources */,
				D007B67224B73F8A00CE27AA /* CustomToolbar.swift in Sources */,
				D007B5FE24AE0C4B00CE27AA /* Data+Content.swift in Sources */,
				D007B66124B5ED0400CE27AA /* InfoProtocols.swift in Sources */,
				D007B64824B4815900CE27AA /* DaysPresenter.swift in Sources */,
				D007B5F424ADE4EE00CE27AA /* ContainerProtocols.swift in Sources */,
				D007B65A24B4ACF200CE27AA /* TodayProtocols.swift in Sources */,
				D007B66524B5ED1A00CE27AA /* InfoPresenter.swift in Sources */,
				D007B65524B49BC100CE27AA /* DayCellPresenter.swift in Sources */,
				D007B62D24AF73C600CE27AA /* Date+DayTime.swift in Sources */,
				D007B5F624ADE5FE00CE27AA /* Weather.swift in Sources */,
				D007B66A24B5FF9D00CE27AA /* InfoCellModel.swift in Sources */,
				D007B67D24B89C8F00CE27AA /* GithubViewController.swift in Sources */,
				D007B65124B49BA000CE27AA /* DayCellProtocols.swift in Sources */,
				D007B65C24B4AD3500CE27AA /* TodayModel.swift in Sources */,
				D007B5F024ADE37900CE27AA /* ContainerPresenter.swift in Sources */,
				D007B68124B8AB4800CE27AA /* API.swift in Sources */,
				D007B65724B4A83000CE27AA /* UIImage+Icon.swift in Sources */,
				D007B66C24B5FFAB00CE27AA /* InfoCellPresenter.swift in Sources */,
				D007B63B24B36E1700CE27AA /* Int+.swift in Sources */,
				D007B5BD24A9FFCF00CE27AA /* SceneDelegate.swift in Sources */,
				D007B5E124AA0A6100CE27AA /* TopViewController.swift in Sources */,
			);
			runOnlyForDeploymentPostprocessing = 0;
		};
/* End PBXSourcesBuildPhase section */

/* Begin PBXVariantGroup section */
		D007B5C024A9FFCF00CE27AA /* Main.storyboard */ = {
			isa = PBXVariantGroup;
			children = (
				D007B5C124A9FFCF00CE27AA /* Base */,
			);
			name = Main.storyboard;
			sourceTree = "<group>";
		};
		D007B5C524A9FFD100CE27AA /* LaunchScreen.storyboard */ = {
			isa = PBXVariantGroup;
			children = (
				D007B5C624A9FFD100CE27AA /* Base */,
			);
			name = LaunchScreen.storyboard;
			sourceTree = "<group>";
		};
/* End PBXVariantGroup section */

/* Begin XCBuildConfiguration section */
		D007B5C924A9FFD100CE27AA /* Debug */ = {
			isa = XCBuildConfiguration;
			buildSettings = {
				ALWAYS_SEARCH_USER_PATHS = NO;
				CLANG_ANALYZER_NONNULL = YES;
				CLANG_ANALYZER_NUMBER_OBJECT_CONVERSION = YES_AGGRESSIVE;
				CLANG_CXX_LANGUAGE_STANDARD = "gnu++14";
				CLANG_CXX_LIBRARY = "libc++";
				CLANG_ENABLE_MODULES = YES;
				CLANG_ENABLE_OBJC_ARC = YES;
				CLANG_ENABLE_OBJC_WEAK = YES;
				CLANG_WARN_BLOCK_CAPTURE_AUTORELEASING = YES;
				CLANG_WARN_BOOL_CONVERSION = YES;
				CLANG_WARN_COMMA = YES;
				CLANG_WARN_CONSTANT_CONVERSION = YES;
				CLANG_WARN_DEPRECATED_OBJC_IMPLEMENTATIONS = YES;
				CLANG_WARN_DIRECT_OBJC_ISA_USAGE = YES_ERROR;
				CLANG_WARN_DOCUMENTATION_COMMENTS = YES;
				CLANG_WARN_EMPTY_BODY = YES;
				CLANG_WARN_ENUM_CONVERSION = YES;
				CLANG_WARN_INFINITE_RECURSION = YES;
				CLANG_WARN_INT_CONVERSION = YES;
				CLANG_WARN_NON_LITERAL_NULL_CONVERSION = YES;
				CLANG_WARN_OBJC_IMPLICIT_RETAIN_SELF = YES;
				CLANG_WARN_OBJC_LITERAL_CONVERSION = YES;
				CLANG_WARN_OBJC_ROOT_CLASS = YES_ERROR;
				CLANG_WARN_RANGE_LOOP_ANALYSIS = YES;
				CLANG_WARN_STRICT_PROTOTYPES = YES;
				CLANG_WARN_SUSPICIOUS_MOVE = YES;
				CLANG_WARN_UNGUARDED_AVAILABILITY = YES_AGGRESSIVE;
				CLANG_WARN_UNREACHABLE_CODE = YES;
				CLANG_WARN__DUPLICATE_METHOD_MATCH = YES;
				COPY_PHASE_STRIP = NO;
				DEBUG_INFORMATION_FORMAT = dwarf;
				ENABLE_STRICT_OBJC_MSGSEND = YES;
				ENABLE_TESTABILITY = YES;
				GCC_C_LANGUAGE_STANDARD = gnu11;
				GCC_DYNAMIC_NO_PIC = NO;
				GCC_NO_COMMON_BLOCKS = YES;
				GCC_OPTIMIZATION_LEVEL = 0;
				GCC_PREPROCESSOR_DEFINITIONS = (
					"DEBUG=1",
					"$(inherited)",
				);
				GCC_WARN_64_TO_32_BIT_CONVERSION = YES;
				GCC_WARN_ABOUT_RETURN_TYPE = YES_ERROR;
				GCC_WARN_UNDECLARED_SELECTOR = YES;
				GCC_WARN_UNINITIALIZED_AUTOS = YES_AGGRESSIVE;
				GCC_WARN_UNUSED_FUNCTION = YES;
				GCC_WARN_UNUSED_VARIABLE = YES;
				IPHONEOS_DEPLOYMENT_TARGET = 13.2;
				MTL_ENABLE_DEBUG_INFO = INCLUDE_SOURCE;
				MTL_FAST_MATH = YES;
				ONLY_ACTIVE_ARCH = YES;
				SDKROOT = iphoneos;
				SWIFT_ACTIVE_COMPILATION_CONDITIONS = DEBUG;
				SWIFT_OPTIMIZATION_LEVEL = "-Onone";
			};
			name = Debug;
		};
		D007B5CA24A9FFD100CE27AA /* Release */ = {
			isa = XCBuildConfiguration;
			buildSettings = {
				ALWAYS_SEARCH_USER_PATHS = NO;
				CLANG_ANALYZER_NONNULL = YES;
				CLANG_ANALYZER_NUMBER_OBJECT_CONVERSION = YES_AGGRESSIVE;
				CLANG_CXX_LANGUAGE_STANDARD = "gnu++14";
				CLANG_CXX_LIBRARY = "libc++";
				CLANG_ENABLE_MODULES = YES;
				CLANG_ENABLE_OBJC_ARC = YES;
				CLANG_ENABLE_OBJC_WEAK = YES;
				CLANG_WARN_BLOCK_CAPTURE_AUTORELEASING = YES;
				CLANG_WARN_BOOL_CONVERSION = YES;
				CLANG_WARN_COMMA = YES;
				CLANG_WARN_CONSTANT_CONVERSION = YES;
				CLANG_WARN_DEPRECATED_OBJC_IMPLEMENTATIONS = YES;
				CLANG_WARN_DIRECT_OBJC_ISA_USAGE = YES_ERROR;
				CLANG_WARN_DOCUMENTATION_COMMENTS = YES;
				CLANG_WARN_EMPTY_BODY = YES;
				CLANG_WARN_ENUM_CONVERSION = YES;
				CLANG_WARN_INFINITE_RECURSION = YES;
				CLANG_WARN_INT_CONVERSION = YES;
				CLANG_WARN_NON_LITERAL_NULL_CONVERSION = YES;
				CLANG_WARN_OBJC_IMPLICIT_RETAIN_SELF = YES;
				CLANG_WARN_OBJC_LITERAL_CONVERSION = YES;
				CLANG_WARN_OBJC_ROOT_CLASS = YES_ERROR;
				CLANG_WARN_RANGE_LOOP_ANALYSIS = YES;
				CLANG_WARN_STRICT_PROTOTYPES = YES;
				CLANG_WARN_SUSPICIOUS_MOVE = YES;
				CLANG_WARN_UNGUARDED_AVAILABILITY = YES_AGGRESSIVE;
				CLANG_WARN_UNREACHABLE_CODE = YES;
				CLANG_WARN__DUPLICATE_METHOD_MATCH = YES;
				COPY_PHASE_STRIP = NO;
				DEBUG_INFORMATION_FORMAT = "dwarf-with-dsym";
				ENABLE_NS_ASSERTIONS = NO;
				ENABLE_STRICT_OBJC_MSGSEND = YES;
				GCC_C_LANGUAGE_STANDARD = gnu11;
				GCC_NO_COMMON_BLOCKS = YES;
				GCC_WARN_64_TO_32_BIT_CONVERSION = YES;
				GCC_WARN_ABOUT_RETURN_TYPE = YES_ERROR;
				GCC_WARN_UNDECLARED_SELECTOR = YES;
				GCC_WARN_UNINITIALIZED_AUTOS = YES_AGGRESSIVE;
				GCC_WARN_UNUSED_FUNCTION = YES;
				GCC_WARN_UNUSED_VARIABLE = YES;
				IPHONEOS_DEPLOYMENT_TARGET = 13.2;
				MTL_ENABLE_DEBUG_INFO = NO;
				MTL_FAST_MATH = YES;
				SDKROOT = iphoneos;
				SWIFT_COMPILATION_MODE = wholemodule;
				SWIFT_OPTIMIZATION_LEVEL = "-O";
				VALIDATE_PRODUCT = YES;
			};
			name = Release;
		};
		D007B5CC24A9FFD100CE27AA /* Debug */ = {
			isa = XCBuildConfiguration;
			buildSettings = {
				ASSETCATALOG_COMPILER_APPICON_NAME = AppIcon;
				CODE_SIGN_STYLE = Automatic;
				DEVELOPMENT_TEAM = 8333M93278;
				INFOPLIST_FILE = WeatherSample/Other/Info.plist;
				LD_RUNPATH_SEARCH_PATHS = (
					"$(inherited)",
					"@executable_path/Frameworks",
				);
				PRODUCT_BUNDLE_IDENTIFIER = com.alexkrylov.WeatherSample;
				PRODUCT_NAME = "$(TARGET_NAME)";
				SWIFT_VERSION = 5.0;
				TARGETED_DEVICE_FAMILY = "1,2";
			};
			name = Debug;
		};
		D007B5CD24A9FFD100CE27AA /* Release */ = {
			isa = XCBuildConfiguration;
			buildSettings = {
				ASSETCATALOG_COMPILER_APPICON_NAME = AppIcon;
				CODE_SIGN_STYLE = Automatic;
				DEVELOPMENT_TEAM = 8333M93278;
				INFOPLIST_FILE = WeatherSample/Other/Info.plist;
				LD_RUNPATH_SEARCH_PATHS = (
					"$(inherited)",
					"@executable_path/Frameworks",
				);
				PRODUCT_BUNDLE_IDENTIFIER = com.alexkrylov.WeatherSample;
				PRODUCT_NAME = "$(TARGET_NAME)";
				SWIFT_VERSION = 5.0;
				TARGETED_DEVICE_FAMILY = "1,2";
			};
			name = Release;
		};
/* End XCBuildConfiguration section */

/* Begin XCConfigurationList section */
		D007B5B224A9FFCF00CE27AA /* Build configuration list for PBXProject "WeatherSample" */ = {
			isa = XCConfigurationList;
			buildConfigurations = (
				D007B5C924A9FFD100CE27AA /* Debug */,
				D007B5CA24A9FFD100CE27AA /* Release */,
			);
			defaultConfigurationIsVisible = 0;
			defaultConfigurationName = Release;
		};
		D007B5CB24A9FFD100CE27AA /* Build configuration list for PBXNativeTarget "WeatherSample" */ = {
			isa = XCConfigurationList;
			buildConfigurations = (
				D007B5CC24A9FFD100CE27AA /* Debug */,
				D007B5CD24A9FFD100CE27AA /* Release */,
			);
			defaultConfigurationIsVisible = 0;
			defaultConfigurationName = Release;
		};
/* End XCConfigurationList section */
	};
	rootObject = D007B5AF24A9FFCF00CE27AA /* Project object */;
}
