// !$*UTF8*$!
{
	archiveVersion = 1;
	classes = {
	};
	objectVersion = 50;
	objects = {

/* Begin PBXBuildFile section */
		D007B5BB24A9FFCF00CE27AA /* AppDelegate.swift in Sources */ = {isa = PBXBuildFile; fileRef = D007B5BA24A9FFCF00CE27AA /* AppDelegate.swift */; };
		D007B5BD24A9FFCF00CE27AA /* SceneDelegate.swift in Sources */ = {isa = PBXBuildFile; fileRef = D007B5BC24A9FFCF00CE27AA /* SceneDelegate.swift */; };
		D007B5C224A9FFCF00CE27AA /* Main.storyboard in Resources */ = {isa = PBXBuildFile; fileRef = D007B5C024A9FFCF00CE27AA /* Main.storyboard */; };
		D007B5C424A9FFD100CE27AA /* Assets.xcassets in Resources */ = {isa = PBXBuildFile; fileRef = D007B5C324A9FFD100CE27AA /* Assets.xcassets */; };
		D007B5C724A9FFD100CE27AA /* LaunchScreen.storyboard in Resources */ = {isa = PBXBuildFile; fileRef = D007B5C524A9FFD100CE27AA /* LaunchScreen.storyboard */; };
		D007B5D224AA06A300CE27AA /* LocationService.swift in Sources */ = {isa = PBXBuildFile; fileRef = D007B5D124AA06A300CE27AA /* LocationService.swift */; };
		D007B5DF24AA094800CE27AA /* ContainerViewController.swift in Sources */ = {isa = PBXBuildFile; fileRef = D007B5DE24AA094800CE27AA /* ContainerViewController.swift */; };
		D007B5E124AA0A6100CE27AA /* TopViewController.swift in Sources */ = {isa = PBXBuildFile; fileRef = D007B5E024AA0A6100CE27AA /* TopViewController.swift */; };
		D007B5E324ADD42000CE27AA /* HoursViewController.swift in Sources */ = {isa = PBXBuildFile; fileRef = D007B5E224ADD42000CE27AA /* HoursViewController.swift */; };
		D007B5E524ADD6CD00CE27AA /* DaysViewController.swift in Sources */ = {isa = PBXBuildFile; fileRef = D007B5E424ADD6CD00CE27AA /* DaysViewController.swift */; };
		D007B5E824ADD75500CE27AA /* TodayViewController.swift in Sources */ = {isa = PBXBuildFile; fileRef = D007B5E724ADD75500CE27AA /* TodayViewController.swift */; };
		D007B5EA24ADD82F00CE27AA /* InfoViewController.swift in Sources */ = {isa = PBXBuildFile; fileRef = D007B5E924ADD82F00CE27AA /* InfoViewController.swift */; };
		D007B5EC24ADD8F600CE27AA /* BottomViewController.swift in Sources */ = {isa = PBXBuildFile; fileRef = D007B5EB24ADD8F600CE27AA /* BottomViewController.swift */; };
		D007B5F024ADE37900CE27AA /* ContainerPresenter.swift in Sources */ = {isa = PBXBuildFile; fileRef = D007B5EF24ADE37900CE27AA /* ContainerPresenter.swift */; };
		D007B5F424ADE4EE00CE27AA /* ContainerProtocols.swift in Sources */ = {isa = PBXBuildFile; fileRef = D007B5F324ADE4EE00CE27AA /* ContainerProtocols.swift */; };
		D007B5F624ADE5FE00CE27AA /* Weather.swift in Sources */ = {isa = PBXBuildFile; fileRef = D007B5F524ADE5FE00CE27AA /* Weather.swift */; };
		D007B5FA24ADE87200CE27AA /* CoreLocation.framework in Frameworks */ = {isa = PBXBuildFile; fileRef = D007B5F924ADE87200CE27AA /* CoreLocation.framework */; };
		D007B5FC24ADFB4F00CE27AA /* WeatherService.swift in Sources */ = {isa = PBXBuildFile; fileRef = D007B5FB24ADFB4F00CE27AA /* WeatherService.swift */; };
		D007B5FE24AE0C4B00CE27AA /* Data+Content.swift in Sources */ = {isa = PBXBuildFile; fileRef = D007B5FD24AE0C4B00CE27AA /* Data+Content.swift */; };
		D007B60124AE265800CE27AA /* TopPresenter.swift in Sources */ = {isa = PBXBuildFile; fileRef = D007B60024AE265800CE27AA /* TopPresenter.swift */; };
		D007B60324AE26D000CE27AA /* TopProtocols.swift in Sources */ = {isa = PBXBuildFile; fileRef = D007B60224AE26D000CE27AA /* TopProtocols.swift */; };
		D007B60524AE26E200CE27AA /* TopModel.swift in Sources */ = {isa = PBXBuildFile; fileRef = D007B60424AE26E200CE27AA /* TopModel.swift */; };
		D007B62924AF5F0600CE27AA /* Configurator.swift in Sources */ = {isa = PBXBuildFile; fileRef = D007B62824AF5F0600CE27AA /* Configurator.swift */; };
		D007B62B24AF707200CE27AA /* DateFormatter+Day.swift in Sources */ = {isa = PBXBuildFile; fileRef = D007B62A24AF707200CE27AA /* DateFormatter+Day.swift */; };
		D007B62D24AF73C600CE27AA /* Date+DayTime.swift in Sources */ = {isa = PBXBuildFile; fileRef = D007B62C24AF73C600CE27AA /* Date+DayTime.swift */; };
		D007B63024B218AD00CE27AA /* HoursProtocols.swift in Sources */ = {isa = PBXBuildFile; fileRef = D007B62F24B218AD00CE27AA /* HoursProtocols.swift */; };
		D007B63224B218DA00CE27AA /* HoursModel.swift in Sources */ = {isa = PBXBuildFile; fileRef = D007B63124B218DA00CE27AA /* HoursModel.swift */; };
		D007B63424B2193400CE27AA /* HoursPresenter.swift in Sources */ = {isa = PBXBuildFile; fileRef = D007B63324B2193400CE27AA /* HoursPresenter.swift */; };
		D007B63824B2239400CE27AA /* HourCell.swift in Sources */ = {isa = PBXBuildFile; fileRef = D007B63624B2239400CE27AA /* HourCell.swift */; };
		D007B63924B2239400CE27AA /* HourCell.xib in Resources */ = {isa = PBXBuildFile; fileRef = D007B63724B2239400CE27AA /* HourCell.xib */; };
		D007B63B24B36E1700CE27AA /* Int+Date.swift in Sources */ = {isa = PBXBuildFile; fileRef = D007B63A24B36E1600CE27AA /* Int+Date.swift */; };
/* End PBXBuildFile section */

/* Begin PBXFileReference section */
		D007B5B724A9FFCF00CE27AA /* WeatherSample.app */ = {isa = PBXFileReference; explicitFileType = wrapper.application; includeInIndex = 0; path = WeatherSample.app; sourceTree = BUILT_PRODUCTS_DIR; };
		D007B5BA24A9FFCF00CE27AA /* AppDelegate.swift */ = {isa = PBXFileReference; lastKnownFileType = sourcecode.swift; path = AppDelegate.swift; sourceTree = "<group>"; };
		D007B5BC24A9FFCF00CE27AA /* SceneDelegate.swift */ = {isa = PBXFileReference; lastKnownFileType = sourcecode.swift; path = SceneDelegate.swift; sourceTree = "<group>"; };
		D007B5C124A9FFCF00CE27AA /* Base */ = {isa = PBXFileReference; lastKnownFileType = file.storyboard; name = Base; path = Base.lproj/Main.storyboard; sourceTree = "<group>"; };
		D007B5C324A9FFD100CE27AA /* Assets.xcassets */ = {isa = PBXFileReference; lastKnownFileType = folder.assetcatalog; path = Assets.xcassets; sourceTree = "<group>"; };
		D007B5C624A9FFD100CE27AA /* Base */ = {isa = PBXFileReference; lastKnownFileType = file.storyboard; name = Base; path = Base.lproj/LaunchScreen.storyboard; sourceTree = "<group>"; };
		D007B5C824A9FFD100CE27AA /* Info.plist */ = {isa = PBXFileReference; lastKnownFileType = text.plist.xml; path = Info.plist; sourceTree = "<group>"; };
		D007B5D124AA06A300CE27AA /* LocationService.swift */ = {isa = PBXFileReference; lastKnownFileType = sourcecode.swift; path = LocationService.swift; sourceTree = "<group>"; };
		D007B5DE24AA094800CE27AA /* ContainerViewController.swift */ = {isa = PBXFileReference; lastKnownFileType = sourcecode.swift; path = ContainerViewController.swift; sourceTree = "<group>"; };
		D007B5E024AA0A6100CE27AA /* TopViewController.swift */ = {isa = PBXFileReference; lastKnownFileType = sourcecode.swift; path = TopViewController.swift; sourceTree = "<group>"; };
		D007B5E224ADD42000CE27AA /* HoursViewController.swift */ = {isa = PBXFileReference; lastKnownFileType = sourcecode.swift; path = HoursViewController.swift; sourceTree = "<group>"; };
		D007B5E424ADD6CD00CE27AA /* DaysViewController.swift */ = {isa = PBXFileReference; lastKnownFileType = sourcecode.swift; path = DaysViewController.swift; sourceTree = "<group>"; };
		D007B5E724ADD75500CE27AA /* TodayViewController.swift */ = {isa = PBXFileReference; lastKnownFileType = sourcecode.swift; path = TodayViewController.swift; sourceTree = "<group>"; };
		D007B5E924ADD82F00CE27AA /* InfoViewController.swift */ = {isa = PBXFileReference; lastKnownFileType = sourcecode.swift; path = InfoViewController.swift; sourceTree = "<group>"; };
		D007B5EB24ADD8F600CE27AA /* BottomViewController.swift */ = {isa = PBXFileReference; lastKnownFileType = sourcecode.swift; path = BottomViewController.swift; sourceTree = "<group>"; };
		D007B5EF24ADE37900CE27AA /* ContainerPresenter.swift */ = {isa = PBXFileReference; lastKnownFileType = sourcecode.swift; path = ContainerPresenter.swift; sourceTree = "<group>"; };
		D007B5F324ADE4EE00CE27AA /* ContainerProtocols.swift */ = {isa = PBXFileReference; lastKnownFileType = sourcecode.swift; path = ContainerProtocols.swift; sourceTree = "<group>"; };
		D007B5F524ADE5FE00CE27AA /* Weather.swift */ = {isa = PBXFileReference; lastKnownFileType = sourcecode.swift; path = Weather.swift; sourceTree = "<group>"; };
		D007B5F924ADE87200CE27AA /* CoreLocation.framework */ = {isa = PBXFileReference; lastKnownFileType = wrapper.framework; name = CoreLocation.framework; path = System/Library/Frameworks/CoreLocation.framework; sourceTree = SDKROOT; };
		D007B5FB24ADFB4F00CE27AA /* WeatherService.swift */ = {isa = PBXFileReference; lastKnownFileType = sourcecode.swift; path = WeatherService.swift; sourceTree = "<group>"; };
		D007B5FD24AE0C4B00CE27AA /* Data+Content.swift */ = {isa = PBXFileReference; lastKnownFileType = sourcecode.swift; path = "Data+Content.swift"; sourceTree = "<group>"; };
		D007B60024AE265800CE27AA /* TopPresenter.swift */ = {isa = PBXFileReference; lastKnownFileType = sourcecode.swift; path = TopPresenter.swift; sourceTree = "<group>"; };
		D007B60224AE26D000CE27AA /* TopProtocols.swift */ = {isa = PBXFileReference; lastKnownFileType = sourcecode.swift; path = TopProtocols.swift; sourceTree = "<group>"; };
		D007B60424AE26E200CE27AA /* TopModel.swift */ = {isa = PBXFileReference; lastKnownFileType = sourcecode.swift; path = TopModel.swift; sourceTree = "<group>"; };
		D007B62824AF5F0600CE27AA /* Configurator.swift */ = {isa = PBXFileReference; lastKnownFileType = sourcecode.swift; path = Configurator.swift; sourceTree = "<group>"; };
		D007B62A24AF707200CE27AA /* DateFormatter+Day.swift */ = {isa = PBXFileReference; lastKnownFileType = sourcecode.swift; path = "DateFormatter+Day.swift"; sourceTree = "<group>"; };
		D007B62C24AF73C600CE27AA /* Date+DayTime.swift */ = {isa = PBXFileReference; lastKnownFileType = sourcecode.swift; path = "Date+DayTime.swift"; sourceTree = "<group>"; };
		D007B62F24B218AD00CE27AA /* HoursProtocols.swift */ = {isa = PBXFileReference; lastKnownFileType = sourcecode.swift; path = HoursProtocols.swift; sourceTree = "<group>"; };
		D007B63124B218DA00CE27AA /* HoursModel.swift */ = {isa = PBXFileReference; lastKnownFileType = sourcecode.swift; path = HoursModel.swift; sourceTree = "<group>"; };
		D007B63324B2193400CE27AA /* HoursPresenter.swift */ = {isa = PBXFileReference; lastKnownFileType = sourcecode.swift; path = HoursPresenter.swift; sourceTree = "<group>"; };
		D007B63624B2239400CE27AA /* HourCell.swift */ = {isa = PBXFileReference; lastKnownFileType = sourcecode.swift; path = HourCell.swift; sourceTree = "<group>"; };
		D007B63724B2239400CE27AA /* HourCell.xib */ = {isa = PBXFileReference; lastKnownFileType = file.xib; path = HourCell.xib; sourceTree = "<group>"; };
		D007B63A24B36E1600CE27AA /* Int+Date.swift */ = {isa = PBXFileReference; lastKnownFileType = sourcecode.swift; path = "Int+Date.swift"; sourceTree = "<group>"; };
/* End PBXFileReference section */

/* Begin PBXFrameworksBuildPhase section */
		D007B5B424A9FFCF00CE27AA /* Frameworks */ = {
			isa = PBXFrameworksBuildPhase;
			buildActionMask = 2147483647;
			files = (
				D007B5FA24ADE87200CE27AA /* CoreLocation.framework in Frameworks */,
			);
			runOnlyForDeploymentPostprocessing = 0;
		};
/* End PBXFrameworksBuildPhase section */

/* Begin PBXGroup section */
		D007B5AE24A9FFCF00CE27AA = {
			isa = PBXGroup;
			children = (
				D007B5B924A9FFCF00CE27AA /* WeatherSample */,
				D007B5B824A9FFCF00CE27AA /* Products */,
				D007B5F824ADE87200CE27AA /* Frameworks */,
			);
			sourceTree = "<group>";
		};
		D007B5B824A9FFCF00CE27AA /* Products */ = {
			isa = PBXGroup;
			children = (
				D007B5B724A9FFCF00CE27AA /* WeatherSample.app */,
			);
			name = Products;
			sourceTree = "<group>";
		};
		D007B5B924A9FFCF00CE27AA /* WeatherSample */ = {
			isa = PBXGroup;
			children = (
				D007B62824AF5F0600CE27AA /* Configurator.swift */,
				D007B5D024AA069100CE27AA /* Services */,
				D007B5D424AA06CD00CE27AA /* Extensions */,
				D007B5F724ADE74100CE27AA /* Container */,
				D007B5FF24AE263D00CE27AA /* Top */,
				D007B62E24B2187200CE27AA /* Hours */,
				D007B5D524AA06E600CE27AA /* Views */,
				D007B5D824AA074B00CE27AA /* Storyboards */,
				D007B5D724AA071500CE27AA /* Other */,
			);
			path = WeatherSample;
			sourceTree = "<group>";
		};
		D007B5D024AA069100CE27AA /* Services */ = {
			isa = PBXGroup;
			children = (
				D007B5D124AA06A300CE27AA /* LocationService.swift */,
				D007B5FB24ADFB4F00CE27AA /* WeatherService.swift */,
			);
			path = Services;
			sourceTree = "<group>";
		};
		D007B5D424AA06CD00CE27AA /* Extensions */ = {
			isa = PBXGroup;
			children = (
				D007B5FD24AE0C4B00CE27AA /* Data+Content.swift */,
				D007B62A24AF707200CE27AA /* DateFormatter+Day.swift */,
				D007B62C24AF73C600CE27AA /* Date+DayTime.swift */,
				D007B63A24B36E1600CE27AA /* Int+Date.swift */,
			);
			path = Extensions;
			sourceTree = "<group>";
		};
		D007B5D524AA06E600CE27AA /* Views */ = {
			isa = PBXGroup;
			children = (
				D007B5E424ADD6CD00CE27AA /* DaysViewController.swift */,
				D007B5E724ADD75500CE27AA /* TodayViewController.swift */,
				D007B5E924ADD82F00CE27AA /* InfoViewController.swift */,
				D007B5EB24ADD8F600CE27AA /* BottomViewController.swift */,
			);
			path = Views;
			sourceTree = "<group>";
		};
		D007B5D724AA071500CE27AA /* Other */ = {
			isa = PBXGroup;
			children = (
				D007B5BA24A9FFCF00CE27AA /* AppDelegate.swift */,
				D007B5BC24A9FFCF00CE27AA /* SceneDelegate.swift */,
				D007B5C324A9FFD100CE27AA /* Assets.xcassets */,
				D007B5C824A9FFD100CE27AA /* Info.plist */,
			);
			path = Other;
			sourceTree = "<group>";
		};
		D007B5D824AA074B00CE27AA /* Storyboards */ = {
			isa = PBXGroup;
			children = (
				D007B5C024A9FFCF00CE27AA /* Main.storyboard */,
				D007B5C524A9FFD100CE27AA /* LaunchScreen.storyboard */,
			);
			path = Storyboards;
			sourceTree = "<group>";
		};
		D007B5F724ADE74100CE27AA /* Container */ = {
			isa = PBXGroup;
			children = (
				D007B5F324ADE4EE00CE27AA /* ContainerProtocols.swift */,
				D007B5F524ADE5FE00CE27AA /* Weather.swift */,
				D007B5EF24ADE37900CE27AA /* ContainerPresenter.swift */,
				D007B5DE24AA094800CE27AA /* ContainerViewController.swift */,
			);
			path = Container;
			sourceTree = "<group>";
		};
		D007B5F824ADE87200CE27AA /* Frameworks */ = {
			isa = PBXGroup;
			children = (
				D007B5F924ADE87200CE27AA /* CoreLocation.framework */,
			);
			name = Frameworks;
			sourceTree = "<group>";
		};
		D007B5FF24AE263D00CE27AA /* Top */ = {
			isa = PBXGroup;
			children = (
				D007B60224AE26D000CE27AA /* TopProtocols.swift */,
				D007B60424AE26E200CE27AA /* TopModel.swift */,
				D007B60024AE265800CE27AA /* TopPresenter.swift */,
				D007B5E024AA0A6100CE27AA /* TopViewController.swift */,
			);
			path = Top;
			sourceTree = "<group>";
		};
		D007B62E24B2187200CE27AA /* Hours */ = {
			isa = PBXGroup;
			children = (
				D007B62F24B218AD00CE27AA /* HoursProtocols.swift */,
				D007B63124B218DA00CE27AA /* HoursModel.swift */,
				D007B63324B2193400CE27AA /* HoursPresenter.swift */,
				D007B5E224ADD42000CE27AA /* HoursViewController.swift */,
				D007B63524B2236300CE27AA /* Cell */,
			);
			path = Hours;
			sourceTree = "<group>";
		};
		D007B63524B2236300CE27AA /* Cell */ = {
			isa = PBXGroup;
			children = (
				D007B63624B2239400CE27AA /* HourCell.swift */,
				D007B63724B2239400CE27AA /* HourCell.xib */,
			);
			path = Cell;
			sourceTree = "<group>";
		};
/* End PBXGroup section */

/* Begin PBXNativeTarget section */
		D007B5B624A9FFCF00CE27AA /* WeatherSample */ = {
			isa = PBXNativeTarget;
			buildConfigurationList = D007B5CB24A9FFD100CE27AA /* Build configuration list for PBXNativeTarget "WeatherSample" */;
			buildPhases = (
				D007B5B324A9FFCF00CE27AA /* Sources */,
				D007B5B424A9FFCF00CE27AA /* Frameworks */,
				D007B5B524A9FFCF00CE27AA /* Resources */,
			);
			buildRules = (
			);
			dependencies = (
			);
			name = WeatherSample;
			productName = WeatherSample;
			productReference = D007B5B724A9FFCF00CE27AA /* WeatherSample.app */;
			productType = "com.apple.product-type.application";
		};
/* End PBXNativeTarget section */

/* Begin PBXProject section */
		D007B5AF24A9FFCF00CE27AA /* Project object */ = {
			isa = PBXProject;
			attributes = {
				LastSwiftUpdateCheck = 1130;
				LastUpgradeCheck = 1130;
				ORGANIZATIONNAME = "Alexander Krylov";
				TargetAttributes = {
					D007B5B624A9FFCF00CE27AA = {
						CreatedOnToolsVersion = 11.3.1;
					};
				};
			};
			buildConfigurationList = D007B5B224A9FFCF00CE27AA /* Build configuration list for PBXProject "WeatherSample" */;
			compatibilityVersion = "Xcode 9.3";
			developmentRegion = en;
			hasScannedForEncodings = 0;
			knownRegions = (
				en,
				Base,
			);
			mainGroup = D007B5AE24A9FFCF00CE27AA;
			productRefGroup = D007B5B824A9FFCF00CE27AA /* Products */;
			projectDirPath = "";
			projectRoot = "";
			targets = (
				D007B5B624A9FFCF00CE27AA /* WeatherSample */,
			);
		};
/* End PBXProject section */

/* Begin PBXResourcesBuildPhase section */
		D007B5B524A9FFCF00CE27AA /* Resources */ = {
			isa = PBXResourcesBuildPhase;
			buildActionMask = 2147483647;
			files = (
				D007B5C724A9FFD100CE27AA /* LaunchScreen.storyboard in Resources */,
				D007B5C424A9FFD100CE27AA /* Assets.xcassets in Resources */,
				D007B5C224A9FFCF00CE27AA /* Main.storyboard in Resources */,
				D007B63924B2239400CE27AA /* HourCell.xib in Resources */,
			);
			runOnlyForDeploymentPostprocessing = 0;
		};
/* End PBXResourcesBuildPhase section */

/* Begin PBXSourcesBuildPhase section */
		D007B5B324A9FFCF00CE27AA /* Sources */ = {
			isa = PBXSourcesBuildPhase;
			buildActionMask = 2147483647;
			files = (
				D007B63424B2193400CE27AA /* HoursPresenter.swift in Sources */,
				D007B5E324ADD42000CE27AA /* HoursViewController.swift in Sources */,
				D007B60524AE26E200CE27AA /* TopModel.swift in Sources */,
				D007B5BB24A9FFCF00CE27AA /* AppDelegate.swift in Sources */,
				D007B5E524ADD6CD00CE27AA /* DaysViewController.swift in Sources */,
				D007B5D224AA06A300CE27AA /* LocationService.swift in Sources */,
				D007B62B24AF707200CE27AA /* DateFormatter+Day.swift in Sources */,
				D007B5EA24ADD82F00CE27AA /* InfoViewController.swift in Sources */,
				D007B62924AF5F0600CE27AA /* Configurator.swift in Sources */,
				D007B5E824ADD75500CE27AA /* TodayViewController.swift in Sources */,
				D007B5FC24ADFB4F00CE27AA /* WeatherService.swift in Sources */,
				D007B63224B218DA00CE27AA /* HoursModel.swift in Sources */,
				D007B60324AE26D000CE27AA /* TopProtocols.swift in Sources */,
				D007B5DF24AA094800CE27AA /* ContainerViewController.swift in Sources */,
				D007B60124AE265800CE27AA /* TopPresenter.swift in Sources */,
				D007B63824B2239400CE27AA /* HourCell.swift in Sources */,
				D007B63024B218AD00CE27AA /* HoursProtocols.swift in Sources */,
				D007B5FE24AE0C4B00CE27AA /* Data+Content.swift in Sources */,
				D007B5F424ADE4EE00CE27AA /* ContainerProtocols.swift in Sources */,
				D007B62D24AF73C600CE27AA /* Date+DayTime.swift in Sources */,
				D007B5F624ADE5FE00CE27AA /* Weather.swift in Sources */,
				D007B5EC24ADD8F600CE27AA /* BottomViewController.swift in Sources */,
				D007B5F024ADE37900CE27AA /* ContainerPresenter.swift in Sources */,
				D007B63B24B36E1700CE27AA /* Int+Date.swift in Sources */,
				D007B5BD24A9FFCF00CE27AA /* SceneDelegate.swift in Sources */,
				D007B5E124AA0A6100CE27AA /* TopViewController.swift in Sources */,
			);
			runOnlyForDeploymentPostprocessing = 0;
		};
/* End PBXSourcesBuildPhase section */

/* Begin PBXVariantGroup section */
		D007B5C024A9FFCF00CE27AA /* Main.storyboard */ = {
			isa = PBXVariantGroup;
			children = (
				D007B5C124A9FFCF00CE27AA /* Base */,
			);
			name = Main.storyboard;
			sourceTree = "<group>";
		};
		D007B5C524A9FFD100CE27AA /* LaunchScreen.storyboard */ = {
			isa = PBXVariantGroup;
			children = (
				D007B5C624A9FFD100CE27AA /* Base */,
			);
			name = LaunchScreen.storyboard;
			sourceTree = "<group>";
		};
/* End PBXVariantGroup section */

/* Begin XCBuildConfiguration section */
		D007B5C924A9FFD100CE27AA /* Debug */ = {
			isa = XCBuildConfiguration;
			buildSettings = {
				ALWAYS_SEARCH_USER_PATHS = NO;
				CLANG_ANALYZER_NONNULL = YES;
				CLANG_ANALYZER_NUMBER_OBJECT_CONVERSION = YES_AGGRESSIVE;
				CLANG_CXX_LANGUAGE_STANDARD = "gnu++14";
				CLANG_CXX_LIBRARY = "libc++";
				CLANG_ENABLE_MODULES = YES;
				CLANG_ENABLE_OBJC_ARC = YES;
				CLANG_ENABLE_OBJC_WEAK = YES;
				CLANG_WARN_BLOCK_CAPTURE_AUTORELEASING = YES;
				CLANG_WARN_BOOL_CONVERSION = YES;
				CLANG_WARN_COMMA = YES;
				CLANG_WARN_CONSTANT_CONVERSION = YES;
				CLANG_WARN_DEPRECATED_OBJC_IMPLEMENTATIONS = YES;
				CLANG_WARN_DIRECT_OBJC_ISA_USAGE = YES_ERROR;
				CLANG_WARN_DOCUMENTATION_COMMENTS = YES;
				CLANG_WARN_EMPTY_BODY = YES;
				CLANG_WARN_ENUM_CONVERSION = YES;
				CLANG_WARN_INFINITE_RECURSION = YES;
				CLANG_WARN_INT_CONVERSION = YES;
				CLANG_WARN_NON_LITERAL_NULL_CONVERSION = YES;
				CLANG_WARN_OBJC_IMPLICIT_RETAIN_SELF = YES;
				CLANG_WARN_OBJC_LITERAL_CONVERSION = YES;
				CLANG_WARN_OBJC_ROOT_CLASS = YES_ERROR;
				CLANG_WARN_RANGE_LOOP_ANALYSIS = YES;
				CLANG_WARN_STRICT_PROTOTYPES = YES;
				CLANG_WARN_SUSPICIOUS_MOVE = YES;
				CLANG_WARN_UNGUARDED_AVAILABILITY = YES_AGGRESSIVE;
				CLANG_WARN_UNREACHABLE_CODE = YES;
				CLANG_WARN__DUPLICATE_METHOD_MATCH = YES;
				COPY_PHASE_STRIP = NO;
				DEBUG_INFORMATION_FORMAT = dwarf;
				ENABLE_STRICT_OBJC_MSGSEND = YES;
				ENABLE_TESTABILITY = YES;
				GCC_C_LANGUAGE_STANDARD = gnu11;
				GCC_DYNAMIC_NO_PIC = NO;
				GCC_NO_COMMON_BLOCKS = YES;
				GCC_OPTIMIZATION_LEVEL = 0;
				GCC_PREPROCESSOR_DEFINITIONS = (
					"DEBUG=1",
					"$(inherited)",
				);
				GCC_WARN_64_TO_32_BIT_CONVERSION = YES;
				GCC_WARN_ABOUT_RETURN_TYPE = YES_ERROR;
				GCC_WARN_UNDECLARED_SELECTOR = YES;
				GCC_WARN_UNINITIALIZED_AUTOS = YES_AGGRESSIVE;
				GCC_WARN_UNUSED_FUNCTION = YES;
				GCC_WARN_UNUSED_VARIABLE = YES;
				IPHONEOS_DEPLOYMENT_TARGET = 13.2;
				MTL_ENABLE_DEBUG_INFO = INCLUDE_SOURCE;
				MTL_FAST_MATH = YES;
				ONLY_ACTIVE_ARCH = YES;
				SDKROOT = iphoneos;
				SWIFT_ACTIVE_COMPILATION_CONDITIONS = DEBUG;
				SWIFT_OPTIMIZATION_LEVEL = "-Onone";
			};
			name = Debug;
		};
		D007B5CA24A9FFD100CE27AA /* Release */ = {
			isa = XCBuildConfiguration;
			buildSettings = {
				ALWAYS_SEARCH_USER_PATHS = NO;
				CLANG_ANALYZER_NONNULL = YES;
				CLANG_ANALYZER_NUMBER_OBJECT_CONVERSION = YES_AGGRESSIVE;
				CLANG_CXX_LANGUAGE_STANDARD = "gnu++14";
				CLANG_CXX_LIBRARY = "libc++";
				CLANG_ENABLE_MODULES = YES;
				CLANG_ENABLE_OBJC_ARC = YES;
				CLANG_ENABLE_OBJC_WEAK = YES;
				CLANG_WARN_BLOCK_CAPTURE_AUTORELEASING = YES;
				CLANG_WARN_BOOL_CONVERSION = YES;
				CLANG_WARN_COMMA = YES;
				CLANG_WARN_CONSTANT_CONVERSION = YES;
				CLANG_WARN_DEPRECATED_OBJC_IMPLEMENTATIONS = YES;
				CLANG_WARN_DIRECT_OBJC_ISA_USAGE = YES_ERROR;
				CLANG_WARN_DOCUMENTATION_COMMENTS = YES;
				CLANG_WARN_EMPTY_BODY = YES;
				CLANG_WARN_ENUM_CONVERSION = YES;
				CLANG_WARN_INFINITE_RECURSION = YES;
				CLANG_WARN_INT_CONVERSION = YES;
				CLANG_WARN_NON_LITERAL_NULL_CONVERSION = YES;
				CLANG_WARN_OBJC_IMPLICIT_RETAIN_SELF = YES;
				CLANG_WARN_OBJC_LITERAL_CONVERSION = YES;
				CLANG_WARN_OBJC_ROOT_CLASS = YES_ERROR;
				CLANG_WARN_RANGE_LOOP_ANALYSIS = YES;
				CLANG_WARN_STRICT_PROTOTYPES = YES;
				CLANG_WARN_SUSPICIOUS_MOVE = YES;
				CLANG_WARN_UNGUARDED_AVAILABILITY = YES_AGGRESSIVE;
				CLANG_WARN_UNREACHABLE_CODE = YES;
				CLANG_WARN__DUPLICATE_METHOD_MATCH = YES;
				COPY_PHASE_STRIP = NO;
				DEBUG_INFORMATION_FORMAT = "dwarf-with-dsym";
				ENABLE_NS_ASSERTIONS = NO;
				ENABLE_STRICT_OBJC_MSGSEND = YES;
				GCC_C_LANGUAGE_STANDARD = gnu11;
				GCC_NO_COMMON_BLOCKS = YES;
				GCC_WARN_64_TO_32_BIT_CONVERSION = YES;
				GCC_WARN_ABOUT_RETURN_TYPE = YES_ERROR;
				GCC_WARN_UNDECLARED_SELECTOR = YES;
				GCC_WARN_UNINITIALIZED_AUTOS = YES_AGGRESSIVE;
				GCC_WARN_UNUSED_FUNCTION = YES;
				GCC_WARN_UNUSED_VARIABLE = YES;
				IPHONEOS_DEPLOYMENT_TARGET = 13.2;
				MTL_ENABLE_DEBUG_INFO = NO;
				MTL_FAST_MATH = YES;
				SDKROOT = iphoneos;
				SWIFT_COMPILATION_MODE = wholemodule;
				SWIFT_OPTIMIZATION_LEVEL = "-O";
				VALIDATE_PRODUCT = YES;
			};
			name = Release;
		};
		D007B5CC24A9FFD100CE27AA /* Debug */ = {
			isa = XCBuildConfiguration;
			buildSettings = {
				ASSETCATALOG_COMPILER_APPICON_NAME = AppIcon;
				CODE_SIGN_STYLE = Automatic;
				DEVELOPMENT_TEAM = 8333M93278;
				INFOPLIST_FILE = WeatherSample/Other/Info.plist;
				LD_RUNPATH_SEARCH_PATHS = (
					"$(inherited)",
					"@executable_path/Frameworks",
				);
				PRODUCT_BUNDLE_IDENTIFIER = com.alexkrylov.WeatherSample;
				PRODUCT_NAME = "$(TARGET_NAME)";
				SWIFT_VERSION = 5.0;
				TARGETED_DEVICE_FAMILY = "1,2";
			};
			name = Debug;
		};
		D007B5CD24A9FFD100CE27AA /* Release */ = {
			isa = XCBuildConfiguration;
			buildSettings = {
				ASSETCATALOG_COMPILER_APPICON_NAME = AppIcon;
				CODE_SIGN_STYLE = Automatic;
				DEVELOPMENT_TEAM = 8333M93278;
				INFOPLIST_FILE = WeatherSample/Other/Info.plist;
				LD_RUNPATH_SEARCH_PATHS = (
					"$(inherited)",
					"@executable_path/Frameworks",
				);
				PRODUCT_BUNDLE_IDENTIFIER = com.alexkrylov.WeatherSample;
				PRODUCT_NAME = "$(TARGET_NAME)";
				SWIFT_VERSION = 5.0;
				TARGETED_DEVICE_FAMILY = "1,2";
			};
			name = Release;
		};
/* End XCBuildConfiguration section */

/* Begin XCConfigurationList section */
		D007B5B224A9FFCF00CE27AA /* Build configuration list for PBXProject "WeatherSample" */ = {
			isa = XCConfigurationList;
			buildConfigurations = (
				D007B5C924A9FFD100CE27AA /* Debug */,
				D007B5CA24A9FFD100CE27AA /* Release */,
			);
			defaultConfigurationIsVisible = 0;
			defaultConfigurationName = Release;
		};
		D007B5CB24A9FFD100CE27AA /* Build configuration list for PBXNativeTarget "WeatherSample" */ = {
			isa = XCConfigurationList;
			buildConfigurations = (
				D007B5CC24A9FFD100CE27AA /* Debug */,
				D007B5CD24A9FFD100CE27AA /* Release */,
			);
			defaultConfigurationIsVisible = 0;
			defaultConfigurationName = Release;
		};
/* End XCConfigurationList section */
	};
	rootObject = D007B5AF24A9FFCF00CE27AA /* Project object */;
}
